{
  "version": 4,
  "terraform_version": "1.15.4",
  "serial": 119,
  "lineage": "a76499f3-4e0e-f439-d886-3914765e0ed3",
  "outputs": {
    "service_catalog_account_share_ids": {
      "value": {
        "853973692277": "port-lxqf7crikfwqu:ACCOUNT:853973692277"
      },
      "type": [
        "object",
        {
          "853973692277": "string"
        }
      ]
    },
    "service_catalog_launch_role_arn": {
      "value": "arn:aws:iam::743165042770:role/path-labs-service-catalog-launch-role",
      "type": "string"
    },
    "service_catalog_portfolio_arn": {
      "value": "arn:aws:catalog:us-east-1:743165042770:portfolio/port-lxqf7crikfwqu",
      "type": "string"
    },
    "service_catalog_portfolio_id": {
      "value": "port-lxqf7crikfwqu",
      "type": "string"
    },
    "service_catalog_templates_bucket_name": {
      "value": "path-labs-service-catalog-templates-743165042770",
      "type": "string"
    }
  },
  "resources": [
    {
      "module": "module.service_catalog",
      "mode": "data",
      "type": "aws_caller_identity",
      "name": "current",
      "provider": "provider[\"registry.terraform.io/hashicorp/aws\"]",
      "instances": [
        {
          "schema_version": 0,
          "attributes": {
            "account_id": "743165042770",
            "arn": "arn:aws:sts::743165042770:assumed-role/AWSReservedSSO_administrator_a6ec74e9861d9bb7/smanikkalai@presidio.com",
            "id": "743165042770",
            "user_id": "AROA22CAWUBJLPTYUQXMY:smanikkalai@presidio.com"
          },
          "sensitive_attributes": [],
          "identity_schema_version": 0
        }
      ]
    },
    {
      "module": "module.service_catalog",
      "mode": "data",
      "type": "aws_iam_policy_document",
      "name": "launch_assume_role",
      "provider": "provider[\"registry.terraform.io/hashicorp/aws\"]",
      "instances": [
        {
          "schema_version": 0,
          "attributes": {
            "id": "1824129191",
            "json": "{\n  \"Version\": \"2012-10-17\",\n  \"Statement\": [\n    {\n      \"Effect\": \"Allow\",\n      \"Action\": \"sts:AssumeRole\",\n      \"Principal\": {\n        \"Service\": \"servicecatalog.amazonaws.com\"\n      }\n    }\n  ]\n}",
            "minified_json": "{\"Version\":\"2012-10-17\",\"Statement\":[{\"Effect\":\"Allow\",\"Action\":\"sts:AssumeRole\",\"Principal\":{\"Service\":\"servicecatalog.amazonaws.com\"}}]}",
            "override_json": null,
            "override_policy_documents": null,
            "policy_id": null,
            "source_json": null,
            "source_policy_documents": null,
            "statement": [
              {
                "actions": [
                  "sts:AssumeRole"
                ],
                "condition": [],
                "effect": "Allow",
                "not_actions": [],
                "not_principals": [],
                "not_resources": [],
                "principals": [
                  {
                    "identifiers": [
                      "servicecatalog.amazonaws.com"
                    ],
                    "type": "Service"
                  }
                ],
                "resources": [],
                "sid": ""
              }
            ],
            "version": "2012-10-17"
          },
          "sensitive_attributes": [],
          "identity_schema_version": 0
        }
      ]
    },
    {
      "module": "module.service_catalog",
      "mode": "managed",
      "type": "aws_iam_policy",
      "name": "launch_example_products",
      "provider": "provider[\"registry.terraform.io/hashicorp/aws\"]",
      "instances": [
        {
          "index_key": 0,
          "schema_version": 0,
          "attributes": {
            "arn": "arn:aws:iam::743165042770:policy/path-labs-service-catalog-launch-role-example-products",
            "attachment_count": 1,
            "delay_after_policy_creation_in_ms": null,
            "description": "Scoped permissions for the bundled Service Catalog example products (storage/data/messaging/observability)",
            "id": "arn:aws:iam::743165042770:policy/path-labs-service-catalog-launch-role-example-products",
            "name": "path-labs-service-catalog-launch-role-example-products",
            "name_prefix": "",
            "path": "/",
            "policy": "{\"Statement\":[{\"Action\":[\"s3:CreateBucket\",\"s3:DeleteBucket\",\"s3:PutBucketVersioning\",\"s3:PutEncryptionConfiguration\",\"s3:PutBucketPublicAccessBlock\",\"s3:PutBucketTagging\",\"s3:GetBucketTagging\"],\"Effect\":\"Allow\",\"Resource\":\"arn:aws:s3:::*\",\"Sid\":\"StandardS3BucketProduct\"},{\"Action\":[\"sns:CreateTopic\",\"sns:DeleteTopic\",\"sns:SetTopicAttributes\",\"sns:GetTopicAttributes\",\"sns:TagResource\"],\"Effect\":\"Allow\",\"Resource\":\"arn:aws:sns:*:*:*\",\"Sid\":\"StandardSnsTopicProduct\"},{\"Action\":[\"sqs:CreateQueue\",\"sqs:DeleteQueue\",\"sqs:SetQueueAttributes\",\"sqs:GetQueueAttributes\",\"sqs:TagQueue\"],\"Effect\":\"Allow\",\"Resource\":\"arn:aws:sqs:*:*:*\",\"Sid\":\"StandardSqsQueueProduct\"},{\"Action\":[\"dynamodb:CreateTable\",\"dynamodb:DeleteTable\",\"dynamodb:DescribeTable\",\"dynamodb:TagResource\",\"dynamodb:UpdateContinuousBackups\",\"dynamodb:DescribeContinuousBackups\"],\"Effect\":\"Allow\",\"Resource\":\"arn:aws:dynamodb:*:*:table/*\",\"Sid\":\"StandardDynamodbTableProduct\"},{\"Action\":[\"kms:CreateKey\",\"kms:CreateAlias\",\"kms:DeleteAlias\",\"kms:EnableKeyRotation\",\"kms:DescribeKey\",\"kms:GetKeyPolicy\",\"kms:GetKeyRotationStatus\",\"kms:PutKeyPolicy\",\"kms:TagResource\",\"kms:ScheduleKeyDeletion\"],\"Effect\":\"Allow\",\"Resource\":\"*\",\"Sid\":\"StandardKmsKeyProduct\"},{\"Action\":[\"logs:CreateLogGroup\",\"logs:DeleteLogGroup\",\"logs:PutRetentionPolicy\",\"logs:TagResource\",\"logs:DescribeLogGroups\"],\"Effect\":\"Allow\",\"Resource\":\"arn:aws:logs:*:*:log-group:*\",\"Sid\":\"StandardLogGroupProduct\"},{\"Action\":[\"secretsmanager:CreateSecret\",\"secretsmanager:DeleteSecret\",\"secretsmanager:TagResource\",\"secretsmanager:DescribeSecret\",\"secretsmanager:GetResourcePolicy\"],\"Effect\":\"Allow\",\"Resource\":\"arn:aws:secretsmanager:*:*:secret:*\",\"Sid\":\"StandardSecretsManagerSecretProduct\"},{\"Action\":[\"ecr:CreateRepository\",\"ecr:DeleteRepository\",\"ecr:TagResource\",\"ecr:PutImageScanningConfiguration\",\"ecr:PutImageTagMutability\",\"ecr:DescribeRepositories\"],\"Effect\":\"Allow\",\"Resource\":\"arn:aws:ecr:*:*:repository/*\",\"Sid\":\"StandardEcrRepositoryProduct\"},{\"Action\":[\"cloudwatch:PutMetricAlarm\",\"cloudwatch:DeleteAlarms\",\"cloudwatch:DescribeAlarms\",\"cloudwatch:TagResource\"],\"Effect\":\"Allow\",\"Resource\":\"arn:aws:cloudwatch:*:*:alarm:*\",\"Sid\":\"StandardCloudwatchAlarmProduct\"},{\"Action\":[\"route53:ChangeResourceRecordSets\",\"route53:ListResourceRecordSets\",\"route53:GetHostedZone\"],\"Effect\":\"Allow\",\"Resource\":[\"arn:aws:route53:::hostedzone/Z048880320A4YLK98LLYY\"],\"Sid\":\"StandardRoute53RecordProduct\"},{\"Action\":\"route53:GetChange\",\"Effect\":\"Allow\",\"Resource\":\"arn:aws:route53:::change/*\",\"Sid\":\"StandardRoute53RecordProductChangeStatus\"}],\"Version\":\"2012-10-17\"}",
            "policy_id": "ANPA22CAWUBJGMCA5VMC5",
            "tags": {
              "Purpose": "path-labs-service-catalog"
            },
            "tags_all": {
              "Purpose": "path-labs-service-catalog"
            }
          },
          "sensitive_attributes": [],
          "identity_schema_version": 0,
          "identity": {
            "arn": "arn:aws:iam::743165042770:policy/path-labs-service-catalog-launch-role-example-products"
          },
          "private": "bnVsbA=="
        }
      ]
    },
    {
      "module": "module.service_catalog",
      "mode": "managed",
      "type": "aws_iam_policy",
      "name": "launch_example_products_extra",
      "provider": "provider[\"registry.terraform.io/hashicorp/aws\"]",
      "instances": [
        {
          "index_key": 0,
          "schema_version": 0,
          "attributes": {
            "arn": "arn:aws:iam::743165042770:policy/path-labs-service-catalog-launch-role-example-products-extra",
            "attachment_count": 1,
            "delay_after_policy_creation_in_ms": null,
            "description": "Scoped permissions for the bundled Service Catalog example products (database/CDN/integration/certificates/config/containers)",
            "id": "arn:aws:iam::743165042770:policy/path-labs-service-catalog-launch-role-example-products-extra",
            "name": "path-labs-service-catalog-launch-role-example-products-extra",
            "name_prefix": "",
            "path": "/",
            "policy": "{\"Statement\":[{\"Action\":[\"rds:CreateDBInstance\",\"rds:DeleteDBInstance\",\"rds:DescribeDBInstances\",\"rds:AddTagsToResource\",\"rds:CreateDBSubnetGroup\",\"rds:DeleteDBSubnetGroup\",\"rds:DescribeDBSubnetGroups\"],\"Effect\":\"Allow\",\"Resource\":\"*\",\"Sid\":\"StandardRdsInstanceProduct\"},{\"Action\":[\"ec2:CreateSecurityGroup\",\"ec2:DeleteSecurityGroup\",\"ec2:AuthorizeSecurityGroupIngress\",\"ec2:RevokeSecurityGroupIngress\",\"ec2:DescribeSecurityGroups\"],\"Effect\":\"Allow\",\"Resource\":\"*\",\"Sid\":\"StandardRdsInstanceProductSecurityGroup\"},{\"Action\":[\"cloudfront:CreateDistribution\",\"cloudfront:DeleteDistribution\",\"cloudfront:GetDistribution\",\"cloudfront:UpdateDistribution\",\"cloudfront:TagResource\",\"cloudfront:CreateOriginAccessControl\",\"cloudfront:DeleteOriginAccessControl\",\"cloudfront:GetOriginAccessControl\"],\"Effect\":\"Allow\",\"Resource\":\"*\",\"Sid\":\"StandardCloudfrontDistributionProduct\"},{\"Action\":[\"events:PutRule\",\"events:DeleteRule\",\"events:PutTargets\",\"events:RemoveTargets\",\"events:DescribeRule\",\"events:TagResource\"],\"Effect\":\"Allow\",\"Resource\":\"arn:aws:events:*:*:rule/*\",\"Sid\":\"StandardEventbridgeScheduleProduct\"},{\"Action\":[\"acm:RequestCertificate\",\"acm:DeleteCertificate\",\"acm:DescribeCertificate\",\"acm:AddTagsToCertificate\"],\"Effect\":\"Allow\",\"Resource\":\"arn:aws:acm:*:*:certificate/*\",\"Sid\":\"StandardAcmCertificateProduct\"},{\"Action\":[\"ssm:PutParameter\",\"ssm:DeleteParameter\",\"ssm:AddTagsToResource\",\"ssm:GetParameters\"],\"Effect\":\"Allow\",\"Resource\":\"arn:aws:ssm:*:*:parameter/*\",\"Sid\":\"StandardSsmParameterProduct\"},{\"Action\":[\"ecs:CreateCluster\",\"ecs:DeleteCluster\",\"ecs:DescribeClusters\",\"ecs:TagResource\",\"ecs:PutClusterCapacityProviders\"],\"Effect\":\"Allow\",\"Resource\":\"arn:aws:ecs:*:*:cluster/*\",\"Sid\":\"StandardEcsClusterProduct\"},{\"Action\":[\"cloudwatch:PutDashboard\",\"cloudwatch:DeleteDashboards\",\"cloudwatch:GetDashboard\"],\"Effect\":\"Allow\",\"Resource\":\"arn:aws:cloudwatch::*:dashboard/*\",\"Sid\":\"StandardCloudwatchDashboardProduct\"}],\"Version\":\"2012-10-17\"}",
            "policy_id": "ANPA22CAWUBJCR63ALFLS",
            "tags": {
              "Purpose": "path-labs-service-catalog"
            },
            "tags_all": {
              "Purpose": "path-labs-service-catalog"
            }
          },
          "sensitive_attributes": [],
          "identity_schema_version": 0,
          "identity": {
            "arn": "arn:aws:iam::743165042770:policy/path-labs-service-catalog-launch-role-example-products-extra"
          },
          "private": "bnVsbA=="
        }
      ]
    },
    {
      "module": "module.service_catalog",
      "mode": "managed",
      "type": "aws_iam_policy",
      "name": "launch_example_products_iam_compute",
      "provider": "provider[\"registry.terraform.io/hashicorp/aws\"]",
      "instances": [
        {
          "index_key": 0,
          "schema_version": 0,
          "attributes": {
            "arn": "arn:aws:iam::743165042770:policy/path-labs-service-catalog-launch-role-example-products-iam-compute",
            "attachment_count": 1,
            "delay_after_policy_creation_in_ms": null,
            "description": "Scoped permissions for the bundled IAM-role-creating and compute/networking example products",
            "id": "arn:aws:iam::743165042770:policy/path-labs-service-catalog-launch-role-example-products-iam-compute",
            "name": "path-labs-service-catalog-launch-role-example-products-iam-compute",
            "name_prefix": "",
            "path": "/",
            "policy": "{\"Statement\":[{\"Action\":[\"iam:CreateRole\",\"iam:DeleteRole\",\"iam:GetRole\",\"iam:TagRole\"],\"Effect\":\"Allow\",\"Resource\":\"arn:aws:iam::743165042770:role/*\",\"Sid\":\"CreateProductExecutionRoles\"},{\"Action\":[\"iam:AttachRolePolicy\",\"iam:DetachRolePolicy\"],\"Condition\":{\"ArnEquals\":{\"iam:PolicyARN\":[\"arn:aws:iam::aws:policy/service-role/AWSLambdaBasicExecutionRole\",\"arn:aws:iam::aws:policy/ReadOnlyAccess\",\"arn:aws:iam::aws:policy/ViewOnlyAccess\",\"arn:aws:iam::aws:policy/AmazonS3ReadOnlyAccess\",\"arn:aws:iam::aws:policy/AmazonDynamoDBReadOnlyAccess\",\"arn:aws:iam::aws:policy/CloudWatchReadOnlyAccess\",\"arn:aws:iam::aws:policy/AWSCloudFormationReadOnlyAccess\"]}},\"Effect\":\"Allow\",\"Resource\":\"arn:aws:iam::743165042770:role/*\",\"Sid\":\"AttachOnlyAllowlistedManagedPolicies\"},{\"Action\":\"iam:PassRole\",\"Condition\":{\"StringEquals\":{\"iam:PassedToService\":[\"lambda.amazonaws.com\",\"states.amazonaws.com\"]}},\"Effect\":\"Allow\",\"Resource\":\"arn:aws:iam::743165042770:role/*-execution-role\",\"Sid\":\"PassProductExecutionRoleToOwningServiceOnly\"},{\"Action\":[\"iam:PutRolePolicy\",\"iam:DeleteRolePolicy\",\"iam:GetRolePolicy\"],\"Effect\":\"Allow\",\"Resource\":\"arn:aws:iam::743165042770:role/*-execution-role\",\"Sid\":\"PutInlinePolicyOnProductExecutionRoles\"},{\"Action\":[\"states:CreateStateMachine\",\"states:DeleteStateMachine\",\"states:DescribeStateMachine\",\"states:UpdateStateMachine\",\"states:TagResource\"],\"Effect\":\"Allow\",\"Resource\":\"arn:aws:states:*:*:stateMachine:*\",\"Sid\":\"StandardSfnStateMachineProduct\"},{\"Action\":[\"lambda:CreateFunction\",\"lambda:DeleteFunction\",\"lambda:GetFunction\",\"lambda:TagResource\",\"lambda:UpdateFunctionConfiguration\"],\"Effect\":\"Allow\",\"Resource\":\"arn:aws:lambda:*:*:function:*\",\"Sid\":\"StandardLambdaFunctionProduct\"},{\"Action\":[\"ec2:CreateVpc\",\"ec2:DeleteVpc\",\"ec2:ModifyVpcAttribute\",\"ec2:DescribeVpcs\",\"ec2:CreateSubnet\",\"ec2:DeleteSubnet\",\"ec2:ModifySubnetAttribute\",\"ec2:DescribeSubnets\",\"ec2:CreateInternetGateway\",\"ec2:DeleteInternetGateway\",\"ec2:AttachInternetGateway\",\"ec2:DetachInternetGateway\",\"ec2:DescribeInternetGateways\",\"ec2:CreateRouteTable\",\"ec2:DeleteRouteTable\",\"ec2:CreateRoute\",\"ec2:DeleteRoute\",\"ec2:AssociateRouteTable\",\"ec2:DisassociateRouteTable\",\"ec2:DescribeRouteTables\",\"ec2:AllocateAddress\",\"ec2:ReleaseAddress\",\"ec2:DescribeAddresses\",\"ec2:CreateNatGateway\",\"ec2:DeleteNatGateway\",\"ec2:DescribeNatGateways\",\"ec2:CreateTags\"],\"Effect\":\"Allow\",\"Resource\":\"*\",\"Sid\":\"StandardVpcProduct\"}],\"Version\":\"2012-10-17\"}",
            "policy_id": "ANPA22CAWUBJDJKTKRQWJ",
            "tags": {
              "Purpose": "path-labs-service-catalog"
            },
            "tags_all": {
              "Purpose": "path-labs-service-catalog"
            }
          },
          "sensitive_attributes": [],
          "identity_schema_version": 0,
          "identity": {
            "arn": "arn:aws:iam::743165042770:policy/path-labs-service-catalog-launch-role-example-products-iam-compute"
          },
          "private": "bnVsbA==",
          "dependencies": [
            "module.service_catalog.data.aws_caller_identity.current"
          ]
        }
      ]
    },
    {
      "module": "module.service_catalog",
      "mode": "managed",
      "type": "aws_iam_role",
      "name": "launch",
      "provider": "provider[\"registry.terraform.io/hashicorp/aws\"]",
      "instances": [
        {
          "schema_version": 0,
          "attributes": {
            "arn": "arn:aws:iam::743165042770:role/path-labs-service-catalog-launch-role",
            "assume_role_policy": "{\"Statement\":[{\"Action\":\"sts:AssumeRole\",\"Effect\":\"Allow\",\"Principal\":{\"Service\":\"servicecatalog.amazonaws.com\"}}],\"Version\":\"2012-10-17\"}",
            "create_date": "2026-08-08T17:03:16Z",
            "description": "",
            "force_detach_policies": false,
            "id": "path-labs-service-catalog-launch-role",
            "inline_policy": [],
            "managed_policy_arns": [
              "arn:aws:iam::743165042770:policy/path-labs-service-catalog-launch-role-example-products",
              "arn:aws:iam::743165042770:policy/path-labs-service-catalog-launch-role-example-products-extra",
              "arn:aws:iam::743165042770:policy/path-labs-service-catalog-launch-role-example-products-iam-compute"
            ],
            "max_session_duration": 3600,
            "name": "path-labs-service-catalog-launch-role",
            "name_prefix": "",
            "path": "/",
            "permissions_boundary": "",
            "tags": {
              "Purpose": "path-labs-service-catalog"
            },
            "tags_all": {
              "Purpose": "path-labs-service-catalog"
            },
            "unique_id": "AROA22CAWUBJO2JKJB2PO"
          },
          "sensitive_attributes": [],
          "identity_schema_version": 0,
          "identity": {
            "account_id": "743165042770",
            "name": "path-labs-service-catalog-launch-role"
          },
          "private": "bnVsbA==",
          "dependencies": [
            "module.service_catalog.data.aws_iam_policy_document.launch_assume_role"
          ]
        }
      ]
    },
    {
      "module": "module.service_catalog",
      "mode": "managed",
      "type": "aws_iam_role_policy_attachment",
      "name": "launch_example_products",
      "provider": "provider[\"registry.terraform.io/hashicorp/aws\"]",
      "instances": [
        {
          "index_key": 0,
          "schema_version": 0,
          "attributes": {
            "id": "path-labs-service-catalog-launch-role/arn:aws:iam::743165042770:policy/path-labs-service-catalog-launch-role-example-products",
            "policy_arn": "arn:aws:iam::743165042770:policy/path-labs-service-catalog-launch-role-example-products",
            "role": "path-labs-service-catalog-launch-role"
          },
          "sensitive_attributes": [],
          "identity_schema_version": 0,
          "identity": {
            "account_id": "743165042770",
            "policy_arn": "arn:aws:iam::743165042770:policy/path-labs-service-catalog-launch-role-example-products",
            "role": "path-labs-service-catalog-launch-role"
          },
          "private": "bnVsbA==",
          "dependencies": [
            "module.service_catalog.aws_iam_policy.launch_example_products",
            "module.service_catalog.aws_iam_role.launch",
            "module.service_catalog.data.aws_iam_policy_document.launch_assume_role"
          ]
        }
      ]
    },
    {
      "module": "module.service_catalog",
      "mode": "managed",
      "type": "aws_iam_role_policy_attachment",
      "name": "launch_example_products_extra",
      "provider": "provider[\"registry.terraform.io/hashicorp/aws\"]",
      "instances": [
        {
          "index_key": 0,
          "schema_version": 0,
          "attributes": {
            "id": "path-labs-service-catalog-launch-role/arn:aws:iam::743165042770:policy/path-labs-service-catalog-launch-role-example-products-extra",
            "policy_arn": "arn:aws:iam::743165042770:policy/path-labs-service-catalog-launch-role-example-products-extra",
            "role": "path-labs-service-catalog-launch-role"
          },
          "sensitive_attributes": [],
          "identity_schema_version": 0,
          "identity": {
            "account_id": "743165042770",
            "policy_arn": "arn:aws:iam::743165042770:policy/path-labs-service-catalog-launch-role-example-products-extra",
            "role": "path-labs-service-catalog-launch-role"
          },
          "private": "bnVsbA==",
          "dependencies": [
            "module.service_catalog.aws_iam_policy.launch_example_products_extra",
            "module.service_catalog.aws_iam_role.launch",
            "module.service_catalog.data.aws_iam_policy_document.launch_assume_role"
          ]
        }
      ]
    },
    {
      "module": "module.service_catalog",
      "mode": "managed",
      "type": "aws_iam_role_policy_attachment",
      "name": "launch_example_products_iam_compute",
      "provider": "provider[\"registry.terraform.io/hashicorp/aws\"]",
      "instances": [
        {
          "index_key": 0,
          "schema_version": 0,
          "attributes": {
            "id": "path-labs-service-catalog-launch-role/arn:aws:iam::743165042770:policy/path-labs-service-catalog-launch-role-example-products-iam-compute",
            "policy_arn": "arn:aws:iam::743165042770:policy/path-labs-service-catalog-launch-role-example-products-iam-compute",
            "role": "path-labs-service-catalog-launch-role"
          },
          "sensitive_attributes": [],
          "identity_schema_version": 0,
          "identity": {
            "account_id": "743165042770",
            "policy_arn": "arn:aws:iam::743165042770:policy/path-labs-service-catalog-launch-role-example-products-iam-compute",
            "role": "path-labs-service-catalog-launch-role"
          },
          "private": "bnVsbA==",
          "dependencies": [
            "module.service_catalog.aws_iam_policy.launch_example_products_iam_compute",
            "module.service_catalog.aws_iam_role.launch",
            "module.service_catalog.data.aws_caller_identity.current",
            "module.service_catalog.data.aws_iam_policy_document.launch_assume_role"
          ]
        }
      ]
    },
    {
      "module": "module.service_catalog",
      "mode": "managed",
      "type": "aws_s3_bucket",
      "name": "templates",
      "provider": "provider[\"registry.terraform.io/hashicorp/aws\"]",
      "instances": [
        {
          "index_key": 0,
          "schema_version": 0,
          "attributes": {
            "acceleration_status": "",
            "acl": null,
            "arn": "arn:aws:s3:::path-labs-service-catalog-templates-743165042770",
            "bucket": "path-labs-service-catalog-templates-743165042770",
            "bucket_domain_name": "path-labs-service-catalog-templates-743165042770.s3.amazonaws.com",
            "bucket_namespace": "global",
            "bucket_prefix": "",
            "bucket_region": "us-east-1",
            "bucket_regional_domain_name": "path-labs-service-catalog-templates-743165042770.s3.us-east-1.amazonaws.com",
            "cors_rule": [],
            "force_destroy": false,
            "grant": [
              {
                "id": "d77027c847ed7004f1543d188035e8c60b7f874cca67e455865da4bd0fd55ee9",
                "permissions": [
                  "FULL_CONTROL"
                ],
                "type": "CanonicalUser",
                "uri": ""
              }
            ],
            "hosted_zone_id": "Z3AQBSTGFYJSTF",
            "id": "path-labs-service-catalog-templates-743165042770",
            "lifecycle_rule": [],
            "logging": [],
            "object_lock_configuration": [],
            "object_lock_enabled": false,
            "policy": "",
            "region": "us-east-1",
            "replication_configuration": [],
            "request_payer": "BucketOwner",
            "server_side_encryption_configuration": [
              {
                "rule": [
                  {
                    "apply_server_side_encryption_by_default": [
                      {
                        "kms_master_key_id": "",
                        "sse_algorithm": "AES256"
                      }
                    ],
                    "bucket_key_enabled": true
                  }
                ]
              }
            ],
            "tags": {
              "Purpose": "path-labs-service-catalog"
            },
            "tags_all": {
              "Purpose": "path-labs-service-catalog"
            },
            "timeouts": null,
            "versioning": [
              {
                "enabled": true,
                "mfa_delete": false
              }
            ],
            "website": [],
            "website_domain": null,
            "website_endpoint": null
          },
          "sensitive_attributes": [],
          "identity_schema_version": 0,
          "identity": {
            "account_id": "743165042770",
            "bucket": "path-labs-service-catalog-templates-743165042770",
            "region": "us-east-1"
          },
          "private": "eyJlMmJmYjczMC1lY2FhLTExZTYtOGY4OC0zNDM2M2JjN2M0YzAiOnsiY3JlYXRlIjoxMjAwMDAwMDAwMDAwLCJkZWxldGUiOjM2MDAwMDAwMDAwMDAsInJlYWQiOjEyMDAwMDAwMDAwMDAsInVwZGF0ZSI6MTIwMDAwMDAwMDAwMH19",
          "dependencies": [
            "module.service_catalog.data.aws_caller_identity.current"
          ]
        }
      ]
    },
    {
      "module": "module.service_catalog",
      "mode": "managed",
      "type": "aws_s3_bucket_public_access_block",
      "name": "templates",
      "provider": "provider[\"registry.terraform.io/hashicorp/aws\"]",
      "instances": [
        {
          "index_key": 0,
          "schema_version": 0,
          "attributes": {
            "block_public_acls": true,
            "block_public_policy": true,
            "bucket": "path-labs-service-catalog-templates-743165042770",
            "id": "path-labs-service-catalog-templates-743165042770",
            "ignore_public_acls": true,
            "region": "us-east-1",
            "restrict_public_buckets": true,
            "skip_destroy": null
          },
          "sensitive_attributes": [],
          "identity_schema_version": 0,
          "identity": {
            "account_id": "743165042770",
            "bucket": "path-labs-service-catalog-templates-743165042770",
            "region": "us-east-1"
          },
          "private": "bnVsbA==",
          "dependencies": [
            "module.service_catalog.aws_s3_bucket.templates",
            "module.service_catalog.data.aws_caller_identity.current"
          ]
        }
      ]
    },
    {
      "module": "module.service_catalog",
      "mode": "managed",
      "type": "aws_s3_bucket_server_side_encryption_configuration",
      "name": "templates",
      "provider": "provider[\"registry.terraform.io/hashicorp/aws\"]",
      "instances": [
        {
          "index_key": 0,
          "schema_version": 0,
          "attributes": {
            "bucket": "path-labs-service-catalog-templates-743165042770",
            "expected_bucket_owner": "",
            "id": "path-labs-service-catalog-templates-743165042770",
            "region": "us-east-1",
            "rule": [
              {
                "apply_server_side_encryption_by_default": [
                  {
                    "kms_master_key_id": "",
                    "sse_algorithm": "AES256"
                  }
                ],
                "blocked_encryption_types": [
                  "SSE-C"
                ],
                "bucket_key_enabled": true
              }
            ]
          },
          "sensitive_attributes": [],
          "identity_schema_version": 1,
          "identity": {
            "account_id": "743165042770",
            "bucket": "path-labs-service-catalog-templates-743165042770",
            "region": "us-east-1"
          },
          "private": "bnVsbA==",
          "dependencies": [
            "module.service_catalog.aws_s3_bucket.templates",
            "module.service_catalog.data.aws_caller_identity.current"
          ]
        }
      ]
    },
    {
      "module": "module.service_catalog",
      "mode": "managed",
      "type": "aws_s3_bucket_versioning",
      "name": "templates",
      "provider": "provider[\"registry.terraform.io/hashicorp/aws\"]",
      "instances": [
        {
          "index_key": 0,
          "schema_version": 0,
          "attributes": {
            "bucket": "path-labs-service-catalog-templates-743165042770",
            "expected_bucket_owner": "",
            "id": "path-labs-service-catalog-templates-743165042770",
            "mfa": null,
            "region": "us-east-1",
            "versioning_configuration": [
              {
                "mfa_delete": "Disabled",
                "status": "Enabled"
              }
            ]
          },
          "sensitive_attributes": [],
          "identity_schema_version": 1,
          "identity": {
            "account_id": "743165042770",
            "bucket": "path-labs-service-catalog-templates-743165042770",
            "region": "us-east-1"
          },
          "private": "bnVsbA==",
          "dependencies": [
            "module.service_catalog.aws_s3_bucket.templates",
            "module.service_catalog.data.aws_caller_identity.current"
          ]
        }
      ]
    },
    {
      "module": "module.service_catalog",
      "mode": "managed",
      "type": "aws_s3_object",
      "name": "product_template",
      "provider": "provider[\"registry.terraform.io/hashicorp/aws\"]",
      "instances": [
        {
          "index_key": "standard-acm-certificate",
          "schema_version": 0,
          "attributes": {
            "acl": null,
            "arn": "arn:aws:s3:::path-labs-service-catalog-templates-743165042770/products/standard-acm-certificate.yaml",
            "bucket": "path-labs-service-catalog-templates-743165042770",
            "bucket_key_enabled": false,
            "cache_control": "",
            "checksum_algorithm": null,
            "checksum_crc32": "",
            "checksum_crc32c": "",
            "checksum_crc64nvme": "",
            "checksum_sha1": "",
            "checksum_sha256": "",
            "content": null,
            "content_base64": null,
            "content_disposition": "",
            "content_encoding": "",
            "content_language": "",
            "content_type": "application/octet-stream",
            "etag": "eeae6e00c5e4a52d2655fa7b64ecde1c",
            "force_destroy": false,
            "id": "path-labs-service-catalog-templates-743165042770/products/standard-acm-certificate.yaml",
            "key": "products/standard-acm-certificate.yaml",
            "kms_key_id": null,
            "metadata": {},
            "object_lock_legal_hold_status": "",
            "object_lock_mode": "",
            "object_lock_retain_until_date": "",
            "override_provider": [],
            "region": "us-east-1",
            "server_side_encryption": "AES256",
            "source": "modules/service-catalog/cloudformation/products/standard-acm-certificate.yaml",
            "source_hash": null,
            "storage_class": "STANDARD",
            "tags": {
              "Purpose": "path-labs-service-catalog"
            },
            "tags_all": {
              "Purpose": "path-labs-service-catalog"
            },
            "version_id": "NlWo.c8XLInQKjohY4cCH84SostgeBaz",
            "website_redirect": ""
          },
          "sensitive_attributes": [],
          "identity_schema_version": 0,
          "identity": {
            "account_id": "743165042770",
            "bucket": "path-labs-service-catalog-templates-743165042770",
            "key": "products/standard-acm-certificate.yaml",
            "region": "us-east-1"
          },
          "private": "bnVsbA==",
          "dependencies": [
            "module.service_catalog.aws_s3_bucket.templates",
            "module.service_catalog.data.aws_caller_identity.current"
          ]
        },
        {
          "index_key": "standard-cloudfront-distribution",
          "schema_version": 0,
          "attributes": {
            "acl": null,
            "arn": "arn:aws:s3:::path-labs-service-catalog-templates-743165042770/products/standard-cloudfront-distribution.yaml",
            "bucket": "path-labs-service-catalog-templates-743165042770",
            "bucket_key_enabled": false,
            "cache_control": "",
            "checksum_algorithm": null,
            "checksum_crc32": "",
            "checksum_crc32c": "",
            "checksum_crc64nvme": "",
            "checksum_sha1": "",
            "checksum_sha256": "",
            "content": null,
            "content_base64": null,
            "content_disposition": "",
            "content_encoding": "",
            "content_language": "",
            "content_type": "application/octet-stream",
            "etag": "f8bb7ead42cd04eef3484bb54a45933a",
            "force_destroy": false,
            "id": "path-labs-service-catalog-templates-743165042770/products/standard-cloudfront-distribution.yaml",
            "key": "products/standard-cloudfront-distribution.yaml",
            "kms_key_id": null,
            "metadata": {},
            "object_lock_legal_hold_status": "",
            "object_lock_mode": "",
            "object_lock_retain_until_date": "",
            "override_provider": [],
            "region": "us-east-1",
            "server_side_encryption": "AES256",
            "source": "modules/service-catalog/cloudformation/products/standard-cloudfront-distribution.yaml",
            "source_hash": null,
            "storage_class": "STANDARD",
            "tags": {
              "Purpose": "path-labs-service-catalog"
            },
            "tags_all": {
              "Purpose": "path-labs-service-catalog"
            },
            "version_id": "null",
            "website_redirect": ""
          },
          "sensitive_attributes": [],
          "identity_schema_version": 0,
          "identity": {
            "account_id": "743165042770",
            "bucket": "path-labs-service-catalog-templates-743165042770",
            "key": "products/standard-cloudfront-distribution.yaml",
            "region": "us-east-1"
          },
          "private": "bnVsbA==",
          "dependencies": [
            "module.service_catalog.aws_s3_bucket.templates",
            "module.service_catalog.data.aws_caller_identity.current"
          ]
        },
        {
          "index_key": "standard-cloudwatch-alarm",
          "schema_version": 0,
          "attributes": {
            "acl": null,
            "arn": "arn:aws:s3:::path-labs-service-catalog-templates-743165042770/products/standard-cloudwatch-alarm.yaml",
            "bucket": "path-labs-service-catalog-templates-743165042770",
            "bucket_key_enabled": false,
            "cache_control": "",
            "checksum_algorithm": null,
            "checksum_crc32": "",
            "checksum_crc32c": "",
            "checksum_crc64nvme": "",
            "checksum_sha1": "",
            "checksum_sha256": "",
            "content": null,
            "content_base64": null,
            "content_disposition": "",
            "content_encoding": "",
            "content_language": "",
            "content_type": "application/octet-stream",
            "etag": "b4d4378d10f036b8ae64a673a4543221",
            "force_destroy": false,
            "id": "path-labs-service-catalog-templates-743165042770/products/standard-cloudwatch-alarm.yaml",
            "key": "products/standard-cloudwatch-alarm.yaml",
            "kms_key_id": null,
            "metadata": {},
            "object_lock_legal_hold_status": "",
            "object_lock_mode": "",
            "object_lock_retain_until_date": "",
            "override_provider": [],
            "region": "us-east-1",
            "server_side_encryption": "AES256",
            "source": "modules/service-catalog/cloudformation/products/standard-cloudwatch-alarm.yaml",
            "source_hash": null,
            "storage_class": "STANDARD",
            "tags": {
              "Purpose": "path-labs-service-catalog"
            },
            "tags_all": {
              "Purpose": "path-labs-service-catalog"
            },
            "version_id": "1WZr5w.1lzrm_4bRwexmAPkyOKSswhgY",
            "website_redirect": ""
          },
          "sensitive_attributes": [],
          "identity_schema_version": 0,
          "identity": {
            "account_id": "743165042770",
            "bucket": "path-labs-service-catalog-templates-743165042770",
            "key": "products/standard-cloudwatch-alarm.yaml",
            "region": "us-east-1"
          },
          "private": "bnVsbA==",
          "dependencies": [
            "module.service_catalog.aws_s3_bucket.templates",
            "module.service_catalog.data.aws_caller_identity.current"
          ]
        },
        {
          "index_key": "standard-cloudwatch-dashboard",
          "schema_version": 0,
          "attributes": {
            "acl": null,
            "arn": "arn:aws:s3:::path-labs-service-catalog-templates-743165042770/products/standard-cloudwatch-dashboard.yaml",
            "bucket": "path-labs-service-catalog-templates-743165042770",
            "bucket_key_enabled": false,
            "cache_control": "",
            "checksum_algorithm": null,
            "checksum_crc32": "",
            "checksum_crc32c": "",
            "checksum_crc64nvme": "",
            "checksum_sha1": "",
            "checksum_sha256": "",
            "content": null,
            "content_base64": null,
            "content_disposition": "",
            "content_encoding": "",
            "content_language": "",
            "content_type": "application/octet-stream",
            "etag": "1d80f62b654d4d5a0e41882318006290",
            "force_destroy": false,
            "id": "path-labs-service-catalog-templates-743165042770/products/standard-cloudwatch-dashboard.yaml",
            "key": "products/standard-cloudwatch-dashboard.yaml",
            "kms_key_id": null,
            "metadata": {},
            "object_lock_legal_hold_status": "",
            "object_lock_mode": "",
            "object_lock_retain_until_date": "",
            "override_provider": [],
            "region": "us-east-1",
            "server_side_encryption": "AES256",
            "source": "modules/service-catalog/cloudformation/products/standard-cloudwatch-dashboard.yaml",
            "source_hash": null,
            "storage_class": "STANDARD",
            "tags": {
              "Purpose": "path-labs-service-catalog"
            },
            "tags_all": {
              "Purpose": "path-labs-service-catalog"
            },
            "version_id": "U.0pu8IS6A4rxLgjPUlrMaHg85NyHQt_",
            "website_redirect": ""
          },
          "sensitive_attributes": [],
          "identity_schema_version": 0,
          "identity": {
            "account_id": "743165042770",
            "bucket": "path-labs-service-catalog-templates-743165042770",
            "key": "products/standard-cloudwatch-dashboard.yaml",
            "region": "us-east-1"
          },
          "private": "bnVsbA==",
          "dependencies": [
            "module.service_catalog.aws_s3_bucket.templates",
            "module.service_catalog.data.aws_caller_identity.current"
          ]
        },
        {
          "index_key": "standard-dynamodb-table",
          "schema_version": 0,
          "attributes": {
            "acl": null,
            "arn": "arn:aws:s3:::path-labs-service-catalog-templates-743165042770/products/standard-dynamodb-table.yaml",
            "bucket": "path-labs-service-catalog-templates-743165042770",
            "bucket_key_enabled": false,
            "cache_control": "",
            "checksum_algorithm": null,
            "checksum_crc32": "",
            "checksum_crc32c": "",
            "checksum_crc64nvme": "",
            "checksum_sha1": "",
            "checksum_sha256": "",
            "content": null,
            "content_base64": null,
            "content_disposition": "",
            "content_encoding": "",
            "content_language": "",
            "content_type": "application/octet-stream",
            "etag": "42c5f20995d488483714ad38dc280e1e",
            "force_destroy": false,
            "id": "path-labs-service-catalog-templates-743165042770/products/standard-dynamodb-table.yaml",
            "key": "products/standard-dynamodb-table.yaml",
            "kms_key_id": null,
            "metadata": {},
            "object_lock_legal_hold_status": "",
            "object_lock_mode": "",
            "object_lock_retain_until_date": "",
            "override_provider": [],
            "region": "us-east-1",
            "server_side_encryption": "AES256",
            "source": "modules/service-catalog/cloudformation/products/standard-dynamodb-table.yaml",
            "source_hash": null,
            "storage_class": "STANDARD",
            "tags": {
              "Purpose": "path-labs-service-catalog"
            },
            "tags_all": {
              "Purpose": "path-labs-service-catalog"
            },
            "version_id": "xSseg2chQoUrOHDPzeXzA.iq7U6x3Oc_",
            "website_redirect": ""
          },
          "sensitive_attributes": [],
          "identity_schema_version": 0,
          "identity": {
            "account_id": "743165042770",
            "bucket": "path-labs-service-catalog-templates-743165042770",
            "key": "products/standard-dynamodb-table.yaml",
            "region": "us-east-1"
          },
          "private": "bnVsbA==",
          "dependencies": [
            "module.service_catalog.aws_s3_bucket.templates",
            "module.service_catalog.data.aws_caller_identity.current"
          ]
        },
        {
          "index_key": "standard-ecr-repository",
          "schema_version": 0,
          "attributes": {
            "acl": null,
            "arn": "arn:aws:s3:::path-labs-service-catalog-templates-743165042770/products/standard-ecr-repository.yaml",
            "bucket": "path-labs-service-catalog-templates-743165042770",
            "bucket_key_enabled": false,
            "cache_control": "",
            "checksum_algorithm": null,
            "checksum_crc32": "",
            "checksum_crc32c": "",
            "checksum_crc64nvme": "",
            "checksum_sha1": "",
            "checksum_sha256": "",
            "content": null,
            "content_base64": null,
            "content_disposition": "",
            "content_encoding": "",
            "content_language": "",
            "content_type": "application/octet-stream",
            "etag": "314974c758da828ed4c2dc2d562d4284",
            "force_destroy": false,
            "id": "path-labs-service-catalog-templates-743165042770/products/standard-ecr-repository.yaml",
            "key": "products/standard-ecr-repository.yaml",
            "kms_key_id": null,
            "metadata": {},
            "object_lock_legal_hold_status": "",
            "object_lock_mode": "",
            "object_lock_retain_until_date": "",
            "override_provider": [],
            "region": "us-east-1",
            "server_side_encryption": "AES256",
            "source": "modules/service-catalog/cloudformation/products/standard-ecr-repository.yaml",
            "source_hash": null,
            "storage_class": "STANDARD",
            "tags": {
              "Purpose": "path-labs-service-catalog"
            },
            "tags_all": {
              "Purpose": "path-labs-service-catalog"
            },
            "version_id": "LsoOAlgAbSPS2lFdOLCgSDEOc7ay2Kkf",
            "website_redirect": ""
          },
          "sensitive_attributes": [],
          "identity_schema_version": 0,
          "identity": {
            "account_id": "743165042770",
            "bucket": "path-labs-service-catalog-templates-743165042770",
            "key": "products/standard-ecr-repository.yaml",
            "region": "us-east-1"
          },
          "private": "bnVsbA==",
          "dependencies": [
            "module.service_catalog.aws_s3_bucket.templates",
            "module.service_catalog.data.aws_caller_identity.current"
          ]
        },
        {
          "index_key": "standard-ecs-cluster",
          "schema_version": 0,
          "attributes": {
            "acl": null,
            "arn": "arn:aws:s3:::path-labs-service-catalog-templates-743165042770/products/standard-ecs-cluster.yaml",
            "bucket": "path-labs-service-catalog-templates-743165042770",
            "bucket_key_enabled": false,
            "cache_control": "",
            "checksum_algorithm": null,
            "checksum_crc32": "",
            "checksum_crc32c": "",
            "checksum_crc64nvme": "",
            "checksum_sha1": "",
            "checksum_sha256": "",
            "content": null,
            "content_base64": null,
            "content_disposition": "",
            "content_encoding": "",
            "content_language": "",
            "content_type": "application/octet-stream",
            "etag": "b8382a02a9bd0e9a6d67a82c92c86891",
            "force_destroy": false,
            "id": "path-labs-service-catalog-templates-743165042770/products/standard-ecs-cluster.yaml",
            "key": "products/standard-ecs-cluster.yaml",
            "kms_key_id": null,
            "metadata": {},
            "object_lock_legal_hold_status": "",
            "object_lock_mode": "",
            "object_lock_retain_until_date": "",
            "override_provider": [],
            "region": "us-east-1",
            "server_side_encryption": "AES256",
            "source": "modules/service-catalog/cloudformation/products/standard-ecs-cluster.yaml",
            "source_hash": null,
            "storage_class": "STANDARD",
            "tags": {
              "Purpose": "path-labs-service-catalog"
            },
            "tags_all": {
              "Purpose": "path-labs-service-catalog"
            },
            "version_id": "K5QeENB6oZYXu.qhvQ7h9LImqxJLFAzK",
            "website_redirect": ""
          },
          "sensitive_attributes": [],
          "identity_schema_version": 0,
          "identity": {
            "account_id": "743165042770",
            "bucket": "path-labs-service-catalog-templates-743165042770",
            "key": "products/standard-ecs-cluster.yaml",
            "region": "us-east-1"
          },
          "private": "bnVsbA==",
          "dependencies": [
            "module.service_catalog.aws_s3_bucket.templates",
            "module.service_catalog.data.aws_caller_identity.current"
          ]
        },
        {
          "index_key": "standard-eventbridge-schedule",
          "schema_version": 0,
          "attributes": {
            "acl": null,
            "arn": "arn:aws:s3:::path-labs-service-catalog-templates-743165042770/products/standard-eventbridge-schedule.yaml",
            "bucket": "path-labs-service-catalog-templates-743165042770",
            "bucket_key_enabled": false,
            "cache_control": "",
            "checksum_algorithm": null,
            "checksum_crc32": "",
            "checksum_crc32c": "",
            "checksum_crc64nvme": "",
            "checksum_sha1": "",
            "checksum_sha256": "",
            "content": null,
            "content_base64": null,
            "content_disposition": "",
            "content_encoding": "",
            "content_language": "",
            "content_type": "application/octet-stream",
            "etag": "d3f9682ea9fdaf9efc87305689571fcc",
            "force_destroy": false,
            "id": "path-labs-service-catalog-templates-743165042770/products/standard-eventbridge-schedule.yaml",
            "key": "products/standard-eventbridge-schedule.yaml",
            "kms_key_id": null,
            "metadata": {},
            "object_lock_legal_hold_status": "",
            "object_lock_mode": "",
            "object_lock_retain_until_date": "",
            "override_provider": [],
            "region": "us-east-1",
            "server_side_encryption": "AES256",
            "source": "modules/service-catalog/cloudformation/products/standard-eventbridge-schedule.yaml",
            "source_hash": null,
            "storage_class": "STANDARD",
            "tags": {
              "Purpose": "path-labs-service-catalog"
            },
            "tags_all": {
              "Purpose": "path-labs-service-catalog"
            },
            "version_id": "null",
            "website_redirect": ""
          },
          "sensitive_attributes": [],
          "identity_schema_version": 0,
          "identity": {
            "account_id": "743165042770",
            "bucket": "path-labs-service-catalog-templates-743165042770",
            "key": "products/standard-eventbridge-schedule.yaml",
            "region": "us-east-1"
          },
          "private": "bnVsbA==",
          "dependencies": [
            "module.service_catalog.aws_s3_bucket.templates",
            "module.service_catalog.data.aws_caller_identity.current"
          ]
        },
        {
          "index_key": "standard-iam-readonly-role",
          "schema_version": 0,
          "attributes": {
            "acl": null,
            "arn": "arn:aws:s3:::path-labs-service-catalog-templates-743165042770/products/standard-iam-readonly-role.yaml",
            "bucket": "path-labs-service-catalog-templates-743165042770",
            "bucket_key_enabled": false,
            "cache_control": "",
            "checksum_algorithm": null,
            "checksum_crc32": "",
            "checksum_crc32c": "",
            "checksum_crc64nvme": "",
            "checksum_sha1": "",
            "checksum_sha256": "",
            "content": null,
            "content_base64": null,
            "content_disposition": "",
            "content_encoding": "",
            "content_language": "",
            "content_type": "application/octet-stream",
            "etag": "f17d6fcd5d510c526410c5721e794659",
            "force_destroy": false,
            "id": "path-labs-service-catalog-templates-743165042770/products/standard-iam-readonly-role.yaml",
            "key": "products/standard-iam-readonly-role.yaml",
            "kms_key_id": null,
            "metadata": {},
            "object_lock_legal_hold_status": "",
            "object_lock_mode": "",
            "object_lock_retain_until_date": "",
            "override_provider": [],
            "region": "us-east-1",
            "server_side_encryption": "AES256",
            "source": "modules/service-catalog/cloudformation/products/standard-iam-readonly-role.yaml",
            "source_hash": null,
            "storage_class": "STANDARD",
            "tags": {
              "Purpose": "path-labs-service-catalog"
            },
            "tags_all": {
              "Purpose": "path-labs-service-catalog"
            },
            "version_id": "WgMqKbPlIpY3dqo0iMNBJVh5FBCS8J_.",
            "website_redirect": ""
          },
          "sensitive_attributes": [],
          "identity_schema_version": 0,
          "identity": {
            "account_id": "743165042770",
            "bucket": "path-labs-service-catalog-templates-743165042770",
            "key": "products/standard-iam-readonly-role.yaml",
            "region": "us-east-1"
          },
          "private": "bnVsbA==",
          "dependencies": [
            "module.service_catalog.aws_s3_bucket.templates",
            "module.service_catalog.data.aws_caller_identity.current"
          ]
        },
        {
          "index_key": "standard-kms-key",
          "schema_version": 0,
          "attributes": {
            "acl": null,
            "arn": "arn:aws:s3:::path-labs-service-catalog-templates-743165042770/products/standard-kms-key.yaml",
            "bucket": "path-labs-service-catalog-templates-743165042770",
            "bucket_key_enabled": false,
            "cache_control": "",
            "checksum_algorithm": null,
            "checksum_crc32": "",
            "checksum_crc32c": "",
            "checksum_crc64nvme": "",
            "checksum_sha1": "",
            "checksum_sha256": "",
            "content": null,
            "content_base64": null,
            "content_disposition": "",
            "content_encoding": "",
            "content_language": "",
            "content_type": "application/octet-stream",
            "etag": "93e56f4418e1b9133c180d0dc3fc3bb7",
            "force_destroy": false,
            "id": "path-labs-service-catalog-templates-743165042770/products/standard-kms-key.yaml",
            "key": "products/standard-kms-key.yaml",
            "kms_key_id": null,
            "metadata": {},
            "object_lock_legal_hold_status": "",
            "object_lock_mode": "",
            "object_lock_retain_until_date": "",
            "override_provider": [],
            "region": "us-east-1",
            "server_side_encryption": "AES256",
            "source": "modules/service-catalog/cloudformation/products/standard-kms-key.yaml",
            "source_hash": null,
            "storage_class": "STANDARD",
            "tags": {
              "Purpose": "path-labs-service-catalog"
            },
            "tags_all": {
              "Purpose": "path-labs-service-catalog"
            },
            "version_id": "null",
            "website_redirect": ""
          },
          "sensitive_attributes": [],
          "identity_schema_version": 0,
          "identity": {
            "account_id": "743165042770",
            "bucket": "path-labs-service-catalog-templates-743165042770",
            "key": "products/standard-kms-key.yaml",
            "region": "us-east-1"
          },
          "private": "bnVsbA==",
          "dependencies": [
            "module.service_catalog.aws_s3_bucket.templates",
            "module.service_catalog.data.aws_caller_identity.current"
          ]
        },
        {
          "index_key": "standard-lambda-function",
          "schema_version": 0,
          "attributes": {
            "acl": null,
            "arn": "arn:aws:s3:::path-labs-service-catalog-templates-743165042770/products/standard-lambda-function.yaml",
            "bucket": "path-labs-service-catalog-templates-743165042770",
            "bucket_key_enabled": false,
            "cache_control": "",
            "checksum_algorithm": null,
            "checksum_crc32": "",
            "checksum_crc32c": "",
            "checksum_crc64nvme": "",
            "checksum_sha1": "",
            "checksum_sha256": "",
            "content": null,
            "content_base64": null,
            "content_disposition": "",
            "content_encoding": "",
            "content_language": "",
            "content_type": "application/octet-stream",
            "etag": "024e26cba97f67b0d607b9010ef1cddb",
            "force_destroy": false,
            "id": "path-labs-service-catalog-templates-743165042770/products/standard-lambda-function.yaml",
            "key": "products/standard-lambda-function.yaml",
            "kms_key_id": null,
            "metadata": {},
            "object_lock_legal_hold_status": "",
            "object_lock_mode": "",
            "object_lock_retain_until_date": "",
            "override_provider": [],
            "region": "us-east-1",
            "server_side_encryption": "AES256",
            "source": "modules/service-catalog/cloudformation/products/standard-lambda-function.yaml",
            "source_hash": null,
            "storage_class": "STANDARD",
            "tags": {
              "Purpose": "path-labs-service-catalog"
            },
            "tags_all": {
              "Purpose": "path-labs-service-catalog"
            },
            "version_id": "null",
            "website_redirect": ""
          },
          "sensitive_attributes": [],
          "identity_schema_version": 0,
          "identity": {
            "account_id": "743165042770",
            "bucket": "path-labs-service-catalog-templates-743165042770",
            "key": "products/standard-lambda-function.yaml",
            "region": "us-east-1"
          },
          "private": "bnVsbA==",
          "dependencies": [
            "module.service_catalog.aws_s3_bucket.templates",
            "module.service_catalog.data.aws_caller_identity.current"
          ]
        },
        {
          "index_key": "standard-log-group",
          "schema_version": 0,
          "attributes": {
            "acl": null,
            "arn": "arn:aws:s3:::path-labs-service-catalog-templates-743165042770/products/standard-log-group.yaml",
            "bucket": "path-labs-service-catalog-templates-743165042770",
            "bucket_key_enabled": false,
            "cache_control": "",
            "checksum_algorithm": null,
            "checksum_crc32": "",
            "checksum_crc32c": "",
            "checksum_crc64nvme": "",
            "checksum_sha1": "",
            "checksum_sha256": "",
            "content": null,
            "content_base64": null,
            "content_disposition": "",
            "content_encoding": "",
            "content_language": "",
            "content_type": "application/octet-stream",
            "etag": "bfacc27dbe53dcc3691a920168f1e9b8",
            "force_destroy": false,
            "id": "path-labs-service-catalog-templates-743165042770/products/standard-log-group.yaml",
            "key": "products/standard-log-group.yaml",
            "kms_key_id": null,
            "metadata": {},
            "object_lock_legal_hold_status": "",
            "object_lock_mode": "",
            "object_lock_retain_until_date": "",
            "override_provider": [],
            "region": "us-east-1",
            "server_side_encryption": "AES256",
            "source": "modules/service-catalog/cloudformation/products/standard-log-group.yaml",
            "source_hash": null,
            "storage_class": "STANDARD",
            "tags": {
              "Purpose": "path-labs-service-catalog"
            },
            "tags_all": {
              "Purpose": "path-labs-service-catalog"
            },
            "version_id": "null",
            "website_redirect": ""
          },
          "sensitive_attributes": [],
          "identity_schema_version": 0,
          "identity": {
            "account_id": "743165042770",
            "bucket": "path-labs-service-catalog-templates-743165042770",
            "key": "products/standard-log-group.yaml",
            "region": "us-east-1"
          },
          "private": "bnVsbA==",
          "dependencies": [
            "module.service_catalog.aws_s3_bucket.templates",
            "module.service_catalog.data.aws_caller_identity.current"
          ]
        },
        {
          "index_key": "standard-rds-instance",
          "schema_version": 0,
          "attributes": {
            "acl": null,
            "arn": "arn:aws:s3:::path-labs-service-catalog-templates-743165042770/products/standard-rds-instance.yaml",
            "bucket": "path-labs-service-catalog-templates-743165042770",
            "bucket_key_enabled": false,
            "cache_control": "",
            "checksum_algorithm": null,
            "checksum_crc32": "",
            "checksum_crc32c": "",
            "checksum_crc64nvme": "",
            "checksum_sha1": "",
            "checksum_sha256": "",
            "content": null,
            "content_base64": null,
            "content_disposition": "",
            "content_encoding": "",
            "content_language": "",
            "content_type": "application/octet-stream",
            "etag": "eb1cd305c362726872e85d7d5a72a901",
            "force_destroy": false,
            "id": "path-labs-service-catalog-templates-743165042770/products/standard-rds-instance.yaml",
            "key": "products/standard-rds-instance.yaml",
            "kms_key_id": null,
            "metadata": {},
            "object_lock_legal_hold_status": "",
            "object_lock_mode": "",
            "object_lock_retain_until_date": "",
            "override_provider": [],
            "region": "us-east-1",
            "server_side_encryption": "AES256",
            "source": "modules/service-catalog/cloudformation/products/standard-rds-instance.yaml",
            "source_hash": null,
            "storage_class": "STANDARD",
            "tags": {
              "Purpose": "path-labs-service-catalog"
            },
            "tags_all": {
              "Purpose": "path-labs-service-catalog"
            },
            "version_id": "SoCBsbqJVVMkBgbf0uXVQFKgKdgDWopU",
            "website_redirect": ""
          },
          "sensitive_attributes": [],
          "identity_schema_version": 0,
          "identity": {
            "account_id": "743165042770",
            "bucket": "path-labs-service-catalog-templates-743165042770",
            "key": "products/standard-rds-instance.yaml",
            "region": "us-east-1"
          },
          "private": "bnVsbA==",
          "dependencies": [
            "module.service_catalog.aws_s3_bucket.templates",
            "module.service_catalog.data.aws_caller_identity.current"
          ]
        },
        {
          "index_key": "standard-route53-record",
          "schema_version": 0,
          "attributes": {
            "acl": null,
            "arn": "arn:aws:s3:::path-labs-service-catalog-templates-743165042770/products/standard-route53-record.yaml",
            "bucket": "path-labs-service-catalog-templates-743165042770",
            "bucket_key_enabled": false,
            "cache_control": "",
            "checksum_algorithm": null,
            "checksum_crc32": "",
            "checksum_crc32c": "",
            "checksum_crc64nvme": "",
            "checksum_sha1": "",
            "checksum_sha256": "",
            "content": null,
            "content_base64": null,
            "content_disposition": "",
            "content_encoding": "",
            "content_language": "",
            "content_type": "application/octet-stream",
            "etag": "ba485ea4dc7e842882c5e628435d2426",
            "force_destroy": false,
            "id": "path-labs-service-catalog-templates-743165042770/products/standard-route53-record.yaml",
            "key": "products/standard-route53-record.yaml",
            "kms_key_id": null,
            "metadata": {},
            "object_lock_legal_hold_status": "",
            "object_lock_mode": "",
            "object_lock_retain_until_date": "",
            "override_provider": [],
            "region": "us-east-1",
            "server_side_encryption": "AES256",
            "source": "modules/service-catalog/cloudformation/products/standard-route53-record.yaml",
            "source_hash": null,
            "storage_class": "STANDARD",
            "tags": {
              "Purpose": "path-labs-service-catalog"
            },
            "tags_all": {
              "Purpose": "path-labs-service-catalog"
            },
            "version_id": "58izcuXia7Ap8qwoVKNM80zmYycO8brf",
            "website_redirect": ""
          },
          "sensitive_attributes": [],
          "identity_schema_version": 0,
          "identity": {
            "account_id": "743165042770",
            "bucket": "path-labs-service-catalog-templates-743165042770",
            "key": "products/standard-route53-record.yaml",
            "region": "us-east-1"
          },
          "private": "bnVsbA==",
          "dependencies": [
            "module.service_catalog.aws_s3_bucket.templates",
            "module.service_catalog.data.aws_caller_identity.current"
          ]
        },
        {
          "index_key": "standard-s3-bucket",
          "schema_version": 0,
          "attributes": {
            "acl": null,
            "arn": "arn:aws:s3:::path-labs-service-catalog-templates-743165042770/products/standard-s3-bucket.yaml",
            "bucket": "path-labs-service-catalog-templates-743165042770",
            "bucket_key_enabled": false,
            "cache_control": "",
            "checksum_algorithm": null,
            "checksum_crc32": "",
            "checksum_crc32c": "",
            "checksum_crc64nvme": "",
            "checksum_sha1": "",
            "checksum_sha256": "",
            "content": null,
            "content_base64": null,
            "content_disposition": "",
            "content_encoding": "",
            "content_language": "",
            "content_type": "application/octet-stream",
            "etag": "7870e9e989ab422d57f52445537d56f9",
            "force_destroy": false,
            "id": "path-labs-service-catalog-templates-743165042770/products/standard-s3-bucket.yaml",
            "key": "products/standard-s3-bucket.yaml",
            "kms_key_id": null,
            "metadata": {},
            "object_lock_legal_hold_status": "",
            "object_lock_mode": "",
            "object_lock_retain_until_date": "",
            "override_provider": [],
            "region": "us-east-1",
            "server_side_encryption": "AES256",
            "source": "modules/service-catalog/cloudformation/products/standard-s3-bucket.yaml",
            "source_hash": null,
            "storage_class": "STANDARD",
            "tags": {
              "Purpose": "path-labs-service-catalog"
            },
            "tags_all": {
              "Purpose": "path-labs-service-catalog"
            },
            "version_id": "5zuq4j7oPuEfRw1du87f9Xwd_i_cnh5N",
            "website_redirect": ""
          },
          "sensitive_attributes": [],
          "identity_schema_version": 0,
          "identity": {
            "account_id": "743165042770",
            "bucket": "path-labs-service-catalog-templates-743165042770",
            "key": "products/standard-s3-bucket.yaml",
            "region": "us-east-1"
          },
          "private": "bnVsbA==",
          "dependencies": [
            "module.service_catalog.aws_s3_bucket.templates",
            "module.service_catalog.data.aws_caller_identity.current"
          ]
        },
        {
          "index_key": "standard-secrets-manager-secret",
          "schema_version": 0,
          "attributes": {
            "acl": null,
            "arn": "arn:aws:s3:::path-labs-service-catalog-templates-743165042770/products/standard-secrets-manager-secret.yaml",
            "bucket": "path-labs-service-catalog-templates-743165042770",
            "bucket_key_enabled": false,
            "cache_control": "",
            "checksum_algorithm": null,
            "checksum_crc32": "",
            "checksum_crc32c": "",
            "checksum_crc64nvme": "",
            "checksum_sha1": "",
            "checksum_sha256": "",
            "content": null,
            "content_base64": null,
            "content_disposition": "",
            "content_encoding": "",
            "content_language": "",
            "content_type": "application/octet-stream",
            "etag": "c8b11bbb064a53e6ddcd7b60a25b65d7",
            "force_destroy": false,
            "id": "path-labs-service-catalog-templates-743165042770/products/standard-secrets-manager-secret.yaml",
            "key": "products/standard-secrets-manager-secret.yaml",
            "kms_key_id": null,
            "metadata": {},
            "object_lock_legal_hold_status": "",
            "object_lock_mode": "",
            "object_lock_retain_until_date": "",
            "override_provider": [],
            "region": "us-east-1",
            "server_side_encryption": "AES256",
            "source": "modules/service-catalog/cloudformation/products/standard-secrets-manager-secret.yaml",
            "source_hash": null,
            "storage_class": "STANDARD",
            "tags": {
              "Purpose": "path-labs-service-catalog"
            },
            "tags_all": {
              "Purpose": "path-labs-service-catalog"
            },
            "version_id": "1ljO0VPxDVH3kwLdzsvWWdUbaJk_ZcAt",
            "website_redirect": ""
          },
          "sensitive_attributes": [],
          "identity_schema_version": 0,
          "identity": {
            "account_id": "743165042770",
            "bucket": "path-labs-service-catalog-templates-743165042770",
            "key": "products/standard-secrets-manager-secret.yaml",
            "region": "us-east-1"
          },
          "private": "bnVsbA==",
          "dependencies": [
            "module.service_catalog.aws_s3_bucket.templates",
            "module.service_catalog.data.aws_caller_identity.current"
          ]
        },
        {
          "index_key": "standard-sfn-state-machine",
          "schema_version": 0,
          "attributes": {
            "acl": null,
            "arn": "arn:aws:s3:::path-labs-service-catalog-templates-743165042770/products/standard-sfn-state-machine.yaml",
            "bucket": "path-labs-service-catalog-templates-743165042770",
            "bucket_key_enabled": false,
            "cache_control": "",
            "checksum_algorithm": null,
            "checksum_crc32": "",
            "checksum_crc32c": "",
            "checksum_crc64nvme": "",
            "checksum_sha1": "",
            "checksum_sha256": "",
            "content": null,
            "content_base64": null,
            "content_disposition": "",
            "content_encoding": "",
            "content_language": "",
            "content_type": "application/octet-stream",
            "etag": "89273a93090155d14cd9c600adce5bec",
            "force_destroy": false,
            "id": "path-labs-service-catalog-templates-743165042770/products/standard-sfn-state-machine.yaml",
            "key": "products/standard-sfn-state-machine.yaml",
            "kms_key_id": null,
            "metadata": {},
            "object_lock_legal_hold_status": "",
            "object_lock_mode": "",
            "object_lock_retain_until_date": "",
            "override_provider": [],
            "region": "us-east-1",
            "server_side_encryption": "AES256",
            "source": "modules/service-catalog/cloudformation/products/standard-sfn-state-machine.yaml",
            "source_hash": null,
            "storage_class": "STANDARD",
            "tags": {
              "Purpose": "path-labs-service-catalog"
            },
            "tags_all": {
              "Purpose": "path-labs-service-catalog"
            },
            "version_id": "null",
            "website_redirect": ""
          },
          "sensitive_attributes": [],
          "identity_schema_version": 0,
          "identity": {
            "account_id": "743165042770",
            "bucket": "path-labs-service-catalog-templates-743165042770",
            "key": "products/standard-sfn-state-machine.yaml",
            "region": "us-east-1"
          },
          "private": "bnVsbA==",
          "dependencies": [
            "module.service_catalog.aws_s3_bucket.templates",
            "module.service_catalog.data.aws_caller_identity.current"
          ]
        },
        {
          "index_key": "standard-sns-topic",
          "schema_version": 0,
          "attributes": {
            "acl": null,
            "arn": "arn:aws:s3:::path-labs-service-catalog-templates-743165042770/products/standard-sns-topic.yaml",
            "bucket": "path-labs-service-catalog-templates-743165042770",
            "bucket_key_enabled": false,
            "cache_control": "",
            "checksum_algorithm": null,
            "checksum_crc32": "",
            "checksum_crc32c": "",
            "checksum_crc64nvme": "",
            "checksum_sha1": "",
            "checksum_sha256": "",
            "content": null,
            "content_base64": null,
            "content_disposition": "",
            "content_encoding": "",
            "content_language": "",
            "content_type": "application/octet-stream",
            "etag": "4652e776776934d27cd72e7ece05a3f6",
            "force_destroy": false,
            "id": "path-labs-service-catalog-templates-743165042770/products/standard-sns-topic.yaml",
            "key": "products/standard-sns-topic.yaml",
            "kms_key_id": null,
            "metadata": {},
            "object_lock_legal_hold_status": "",
            "object_lock_mode": "",
            "object_lock_retain_until_date": "",
            "override_provider": [],
            "region": "us-east-1",
            "server_side_encryption": "AES256",
            "source": "modules/service-catalog/cloudformation/products/standard-sns-topic.yaml",
            "source_hash": null,
            "storage_class": "STANDARD",
            "tags": {
              "Purpose": "path-labs-service-catalog"
            },
            "tags_all": {
              "Purpose": "path-labs-service-catalog"
            },
            "version_id": "KytBIa4KGW7yKiIHId7.ErJAnJXwuOo0",
            "website_redirect": ""
          },
          "sensitive_attributes": [],
          "identity_schema_version": 0,
          "identity": {
            "account_id": "743165042770",
            "bucket": "path-labs-service-catalog-templates-743165042770",
            "key": "products/standard-sns-topic.yaml",
            "region": "us-east-1"
          },
          "private": "bnVsbA==",
          "dependencies": [
            "module.service_catalog.aws_s3_bucket.templates",
            "module.service_catalog.data.aws_caller_identity.current"
          ]
        },
        {
          "index_key": "standard-sqs-queue",
          "schema_version": 0,
          "attributes": {
            "acl": null,
            "arn": "arn:aws:s3:::path-labs-service-catalog-templates-743165042770/products/standard-sqs-queue.yaml",
            "bucket": "path-labs-service-catalog-templates-743165042770",
            "bucket_key_enabled": false,
            "cache_control": "",
            "checksum_algorithm": null,
            "checksum_crc32": "",
            "checksum_crc32c": "",
            "checksum_crc64nvme": "",
            "checksum_sha1": "",
            "checksum_sha256": "",
            "content": null,
            "content_base64": null,
            "content_disposition": "",
            "content_encoding": "",
            "content_language": "",
            "content_type": "application/octet-stream",
            "etag": "6e1b0c63c02f5e6f827fd3170e51223c",
            "force_destroy": false,
            "id": "path-labs-service-catalog-templates-743165042770/products/standard-sqs-queue.yaml",
            "key": "products/standard-sqs-queue.yaml",
            "kms_key_id": null,
            "metadata": {},
            "object_lock_legal_hold_status": "",
            "object_lock_mode": "",
            "object_lock_retain_until_date": "",
            "override_provider": [],
            "region": "us-east-1",
            "server_side_encryption": "AES256",
            "source": "modules/service-catalog/cloudformation/products/standard-sqs-queue.yaml",
            "source_hash": null,
            "storage_class": "STANDARD",
            "tags": {
              "Purpose": "path-labs-service-catalog"
            },
            "tags_all": {
              "Purpose": "path-labs-service-catalog"
            },
            "version_id": "null",
            "website_redirect": ""
          },
          "sensitive_attributes": [],
          "identity_schema_version": 0,
          "identity": {
            "account_id": "743165042770",
            "bucket": "path-labs-service-catalog-templates-743165042770",
            "key": "products/standard-sqs-queue.yaml",
            "region": "us-east-1"
          },
          "private": "bnVsbA==",
          "dependencies": [
            "module.service_catalog.aws_s3_bucket.templates",
            "module.service_catalog.data.aws_caller_identity.current"
          ]
        },
        {
          "index_key": "standard-ssm-parameter",
          "schema_version": 0,
          "attributes": {
            "acl": null,
            "arn": "arn:aws:s3:::path-labs-service-catalog-templates-743165042770/products/standard-ssm-parameter.yaml",
            "bucket": "path-labs-service-catalog-templates-743165042770",
            "bucket_key_enabled": false,
            "cache_control": "",
            "checksum_algorithm": null,
            "checksum_crc32": "",
            "checksum_crc32c": "",
            "checksum_crc64nvme": "",
            "checksum_sha1": "",
            "checksum_sha256": "",
            "content": null,
            "content_base64": null,
            "content_disposition": "",
            "content_encoding": "",
            "content_language": "",
            "content_type": "application/octet-stream",
            "etag": "2b93f7d4d3c415487b427873000e837a",
            "force_destroy": false,
            "id": "path-labs-service-catalog-templates-743165042770/products/standard-ssm-parameter.yaml",
            "key": "products/standard-ssm-parameter.yaml",
            "kms_key_id": null,
            "metadata": {},
            "object_lock_legal_hold_status": "",
            "object_lock_mode": "",
            "object_lock_retain_until_date": "",
            "override_provider": [],
            "region": "us-east-1",
            "server_side_encryption": "AES256",
            "source": "modules/service-catalog/cloudformation/products/standard-ssm-parameter.yaml",
            "source_hash": null,
            "storage_class": "STANDARD",
            "tags": {
              "Purpose": "path-labs-service-catalog"
            },
            "tags_all": {
              "Purpose": "path-labs-service-catalog"
            },
            "version_id": "pUE5082s6fiAIAoIK6aYuEm2iM8jPB93",
            "website_redirect": ""
          },
          "sensitive_attributes": [],
          "identity_schema_version": 0,
          "identity": {
            "account_id": "743165042770",
            "bucket": "path-labs-service-catalog-templates-743165042770",
            "key": "products/standard-ssm-parameter.yaml",
            "region": "us-east-1"
          },
          "private": "bnVsbA==",
          "dependencies": [
            "module.service_catalog.aws_s3_bucket.templates",
            "module.service_catalog.data.aws_caller_identity.current"
          ]
        },
        {
          "index_key": "standard-vpc",
          "schema_version": 0,
          "attributes": {
            "acl": null,
            "arn": "arn:aws:s3:::path-labs-service-catalog-templates-743165042770/products/standard-vpc.yaml",
            "bucket": "path-labs-service-catalog-templates-743165042770",
            "bucket_key_enabled": false,
            "cache_control": "",
            "checksum_algorithm": null,
            "checksum_crc32": "",
            "checksum_crc32c": "",
            "checksum_crc64nvme": "",
            "checksum_sha1": "",
            "checksum_sha256": "",
            "content": null,
            "content_base64": null,
            "content_disposition": "",
            "content_encoding": "",
            "content_language": "",
            "content_type": "application/octet-stream",
            "etag": "84a4f5844e7cfaa3c52aea7fc3cacdd2",
            "force_destroy": false,
            "id": "path-labs-service-catalog-templates-743165042770/products/standard-vpc.yaml",
            "key": "products/standard-vpc.yaml",
            "kms_key_id": null,
            "metadata": {},
            "object_lock_legal_hold_status": "",
            "object_lock_mode": "",
            "object_lock_retain_until_date": "",
            "override_provider": [],
            "region": "us-east-1",
            "server_side_encryption": "AES256",
            "source": "modules/service-catalog/cloudformation/products/standard-vpc.yaml",
            "source_hash": null,
            "storage_class": "STANDARD",
            "tags": {
              "Purpose": "path-labs-service-catalog"
            },
            "tags_all": {
              "Purpose": "path-labs-service-catalog"
            },
            "version_id": "j3uIh1AQ4JfvELo08BFfAmt0RE6kJLQl",
            "website_redirect": ""
          },
          "sensitive_attributes": [],
          "identity_schema_version": 0,
          "identity": {
            "account_id": "743165042770",
            "bucket": "path-labs-service-catalog-templates-743165042770",
            "key": "products/standard-vpc.yaml",
            "region": "us-east-1"
          },
          "private": "bnVsbA==",
          "dependencies": [
            "module.service_catalog.aws_s3_bucket.templates",
            "module.service_catalog.data.aws_caller_identity.current"
          ]
        }
      ]
    },
    {
      "module": "module.service_catalog",
      "mode": "managed",
      "type": "aws_servicecatalog_constraint",
      "name": "launch",
      "provider": "provider[\"registry.terraform.io/hashicorp/aws\"]",
      "instances": [
        {
          "index_key": "standard-acm-certificate",
          "schema_version": 0,
          "attributes": {
            "accept_language": "en",
            "description": "Launch role for standard-acm-certificate",
            "id": "cons-z53izmjc6cx6o",
            "owner": "743165042770",
            "parameters": "{\"RoleArn\":\"arn:aws:iam::743165042770:role/path-labs-service-catalog-launch-role\"}",
            "portfolio_id": "port-lxqf7crikfwqu",
            "product_id": "prod-7vvrgzcwliece",
            "region": "us-east-1",
            "status": "AVAILABLE",
            "timeouts": null,
            "type": "LAUNCH"
          },
          "sensitive_attributes": [],
          "identity_schema_version": 0,
          "private": "eyJlMmJmYjczMC1lY2FhLTExZTYtOGY4OC0zNDM2M2JjN2M0YzAiOnsiY3JlYXRlIjoxODAwMDAwMDAwMDAsImRlbGV0ZSI6MTgwMDAwMDAwMDAwLCJyZWFkIjo2MDAwMDAwMDAwMDAsInVwZGF0ZSI6MTgwMDAwMDAwMDAwfX0=",
          "dependencies": [
            "module.service_catalog.aws_iam_role.launch",
            "module.service_catalog.aws_s3_bucket.templates",
            "module.service_catalog.aws_s3_object.product_template",
            "module.service_catalog.aws_servicecatalog_portfolio.this",
            "module.service_catalog.aws_servicecatalog_product.this",
            "module.service_catalog.aws_servicecatalog_product_portfolio_association.this",
            "module.service_catalog.data.aws_caller_identity.current",
            "module.service_catalog.data.aws_iam_policy_document.launch_assume_role"
          ]
        },
        {
          "index_key": "standard-cloudfront-distribution",
          "schema_version": 0,
          "attributes": {
            "accept_language": "en",
            "description": "Launch role for standard-cloudfront-distribution",
            "id": "cons-wgcjgiyqgozae",
            "owner": "743165042770",
            "parameters": "{\"RoleArn\":\"arn:aws:iam::743165042770:role/path-labs-service-catalog-launch-role\"}",
            "portfolio_id": "port-lxqf7crikfwqu",
            "product_id": "prod-4im3hjsftwyxo",
            "region": "us-east-1",
            "status": "AVAILABLE",
            "timeouts": null,
            "type": "LAUNCH"
          },
          "sensitive_attributes": [],
          "identity_schema_version": 0,
          "private": "eyJlMmJmYjczMC1lY2FhLTExZTYtOGY4OC0zNDM2M2JjN2M0YzAiOnsiY3JlYXRlIjoxODAwMDAwMDAwMDAsImRlbGV0ZSI6MTgwMDAwMDAwMDAwLCJyZWFkIjo2MDAwMDAwMDAwMDAsInVwZGF0ZSI6MTgwMDAwMDAwMDAwfX0=",
          "dependencies": [
            "module.service_catalog.aws_iam_role.launch",
            "module.service_catalog.aws_s3_bucket.templates",
            "module.service_catalog.aws_s3_object.product_template",
            "module.service_catalog.aws_servicecatalog_portfolio.this",
            "module.service_catalog.aws_servicecatalog_product.this",
            "module.service_catalog.aws_servicecatalog_product_portfolio_association.this",
            "module.service_catalog.data.aws_caller_identity.current",
            "module.service_catalog.data.aws_iam_policy_document.launch_assume_role"
          ]
        },
        {
          "index_key": "standard-cloudwatch-alarm",
          "schema_version": 0,
          "attributes": {
            "accept_language": "en",
            "description": "Launch role for standard-cloudwatch-alarm",
            "id": "cons-wxojplwcwgdgm",
            "owner": "743165042770",
            "parameters": "{\"RoleArn\":\"arn:aws:iam::743165042770:role/path-labs-service-catalog-launch-role\"}",
            "portfolio_id": "port-lxqf7crikfwqu",
            "product_id": "prod-6h6vu2nry4aau",
            "region": "us-east-1",
            "status": "AVAILABLE",
            "timeouts": null,
            "type": "LAUNCH"
          },
          "sensitive_attributes": [],
          "identity_schema_version": 0,
          "private": "eyJlMmJmYjczMC1lY2FhLTExZTYtOGY4OC0zNDM2M2JjN2M0YzAiOnsiY3JlYXRlIjoxODAwMDAwMDAwMDAsImRlbGV0ZSI6MTgwMDAwMDAwMDAwLCJyZWFkIjo2MDAwMDAwMDAwMDAsInVwZGF0ZSI6MTgwMDAwMDAwMDAwfX0=",
          "dependencies": [
            "module.service_catalog.aws_iam_role.launch",
            "module.service_catalog.aws_s3_bucket.templates",
            "module.service_catalog.aws_s3_object.product_template",
            "module.service_catalog.aws_servicecatalog_portfolio.this",
            "module.service_catalog.aws_servicecatalog_product.this",
            "module.service_catalog.aws_servicecatalog_product_portfolio_association.this",
            "module.service_catalog.data.aws_caller_identity.current",
            "module.service_catalog.data.aws_iam_policy_document.launch_assume_role"
          ]
        },
        {
          "index_key": "standard-cloudwatch-dashboard",
          "schema_version": 0,
          "attributes": {
            "accept_language": "en",
            "description": "Launch role for standard-cloudwatch-dashboard",
            "id": "cons-opnp7cpr5inaa",
            "owner": "743165042770",
            "parameters": "{\"RoleArn\":\"arn:aws:iam::743165042770:role/path-labs-service-catalog-launch-role\"}",
            "portfolio_id": "port-lxqf7crikfwqu",
            "product_id": "prod-iyiry3ua2jtso",
            "region": "us-east-1",
            "status": "AVAILABLE",
            "timeouts": null,
            "type": "LAUNCH"
          },
          "sensitive_attributes": [],
          "identity_schema_version": 0,
          "private": "eyJlMmJmYjczMC1lY2FhLTExZTYtOGY4OC0zNDM2M2JjN2M0YzAiOnsiY3JlYXRlIjoxODAwMDAwMDAwMDAsImRlbGV0ZSI6MTgwMDAwMDAwMDAwLCJyZWFkIjo2MDAwMDAwMDAwMDAsInVwZGF0ZSI6MTgwMDAwMDAwMDAwfX0=",
          "dependencies": [
            "module.service_catalog.aws_iam_role.launch",
            "module.service_catalog.aws_s3_bucket.templates",
            "module.service_catalog.aws_s3_object.product_template",
            "module.service_catalog.aws_servicecatalog_portfolio.this",
            "module.service_catalog.aws_servicecatalog_product.this",
            "module.service_catalog.aws_servicecatalog_product_portfolio_association.this",
            "module.service_catalog.data.aws_caller_identity.current",
            "module.service_catalog.data.aws_iam_policy_document.launch_assume_role"
          ]
        },
        {
          "index_key": "standard-dynamodb-table",
          "schema_version": 0,
          "attributes": {
            "accept_language": "en",
            "description": "Launch role for standard-dynamodb-table",
            "id": "cons-bw5m4dnlzrjqy",
            "owner": "743165042770",
            "parameters": "{\"RoleArn\":\"arn:aws:iam::743165042770:role/path-labs-service-catalog-launch-role\"}",
            "portfolio_id": "port-lxqf7crikfwqu",
            "product_id": "prod-fpcxiu2rjj4ns",
            "region": "us-east-1",
            "status": "AVAILABLE",
            "timeouts": null,
            "type": "LAUNCH"
          },
          "sensitive_attributes": [],
          "identity_schema_version": 0,
          "private": "eyJlMmJmYjczMC1lY2FhLTExZTYtOGY4OC0zNDM2M2JjN2M0YzAiOnsiY3JlYXRlIjoxODAwMDAwMDAwMDAsImRlbGV0ZSI6MTgwMDAwMDAwMDAwLCJyZWFkIjo2MDAwMDAwMDAwMDAsInVwZGF0ZSI6MTgwMDAwMDAwMDAwfX0=",
          "dependencies": [
            "module.service_catalog.aws_iam_role.launch",
            "module.service_catalog.aws_s3_bucket.templates",
            "module.service_catalog.aws_s3_object.product_template",
            "module.service_catalog.aws_servicecatalog_portfolio.this",
            "module.service_catalog.aws_servicecatalog_product.this",
            "module.service_catalog.aws_servicecatalog_product_portfolio_association.this",
            "module.service_catalog.data.aws_caller_identity.current",
            "module.service_catalog.data.aws_iam_policy_document.launch_assume_role"
          ]
        },
        {
          "index_key": "standard-ecr-repository",
          "schema_version": 0,
          "attributes": {
            "accept_language": "en",
            "description": "Launch role for standard-ecr-repository",
            "id": "cons-tbdnpjvwmipas",
            "owner": "743165042770",
            "parameters": "{\"RoleArn\":\"arn:aws:iam::743165042770:role/path-labs-service-catalog-launch-role\"}",
            "portfolio_id": "port-lxqf7crikfwqu",
            "product_id": "prod-rlmcnxacyivqu",
            "region": "us-east-1",
            "status": "AVAILABLE",
            "timeouts": null,
            "type": "LAUNCH"
          },
          "sensitive_attributes": [],
          "identity_schema_version": 0,
          "private": "eyJlMmJmYjczMC1lY2FhLTExZTYtOGY4OC0zNDM2M2JjN2M0YzAiOnsiY3JlYXRlIjoxODAwMDAwMDAwMDAsImRlbGV0ZSI6MTgwMDAwMDAwMDAwLCJyZWFkIjo2MDAwMDAwMDAwMDAsInVwZGF0ZSI6MTgwMDAwMDAwMDAwfX0=",
          "dependencies": [
            "module.service_catalog.aws_iam_role.launch",
            "module.service_catalog.aws_s3_bucket.templates",
            "module.service_catalog.aws_s3_object.product_template",
            "module.service_catalog.aws_servicecatalog_portfolio.this",
            "module.service_catalog.aws_servicecatalog_product.this",
            "module.service_catalog.aws_servicecatalog_product_portfolio_association.this",
            "module.service_catalog.data.aws_caller_identity.current",
            "module.service_catalog.data.aws_iam_policy_document.launch_assume_role"
          ]
        },
        {
          "index_key": "standard-ecs-cluster",
          "schema_version": 0,
          "attributes": {
            "accept_language": "en",
            "description": "Launch role for standard-ecs-cluster",
            "id": "cons-fgju3suvo5kzs",
            "owner": "743165042770",
            "parameters": "{\"RoleArn\":\"arn:aws:iam::743165042770:role/path-labs-service-catalog-launch-role\"}",
            "portfolio_id": "port-lxqf7crikfwqu",
            "product_id": "prod-6blfqvbvlkuzq",
            "region": "us-east-1",
            "status": "AVAILABLE",
            "timeouts": null,
            "type": "LAUNCH"
          },
          "sensitive_attributes": [],
          "identity_schema_version": 0,
          "private": "eyJlMmJmYjczMC1lY2FhLTExZTYtOGY4OC0zNDM2M2JjN2M0YzAiOnsiY3JlYXRlIjoxODAwMDAwMDAwMDAsImRlbGV0ZSI6MTgwMDAwMDAwMDAwLCJyZWFkIjo2MDAwMDAwMDAwMDAsInVwZGF0ZSI6MTgwMDAwMDAwMDAwfX0=",
          "dependencies": [
            "module.service_catalog.aws_iam_role.launch",
            "module.service_catalog.aws_s3_bucket.templates",
            "module.service_catalog.aws_s3_object.product_template",
            "module.service_catalog.aws_servicecatalog_portfolio.this",
            "module.service_catalog.aws_servicecatalog_product.this",
            "module.service_catalog.aws_servicecatalog_product_portfolio_association.this",
            "module.service_catalog.data.aws_caller_identity.current",
            "module.service_catalog.data.aws_iam_policy_document.launch_assume_role"
          ]
        },
        {
          "index_key": "standard-eventbridge-schedule",
          "schema_version": 0,
          "attributes": {
            "accept_language": "en",
            "description": "Launch role for standard-eventbridge-schedule",
            "id": "cons-nrzfrljhgywmq",
            "owner": "743165042770",
            "parameters": "{\"RoleArn\":\"arn:aws:iam::743165042770:role/path-labs-service-catalog-launch-role\"}",
            "portfolio_id": "port-lxqf7crikfwqu",
            "product_id": "prod-ckbutg3tob7fo",
            "region": "us-east-1",
            "status": "AVAILABLE",
            "timeouts": null,
            "type": "LAUNCH"
          },
          "sensitive_attributes": [],
          "identity_schema_version": 0,
          "private": "eyJlMmJmYjczMC1lY2FhLTExZTYtOGY4OC0zNDM2M2JjN2M0YzAiOnsiY3JlYXRlIjoxODAwMDAwMDAwMDAsImRlbGV0ZSI6MTgwMDAwMDAwMDAwLCJyZWFkIjo2MDAwMDAwMDAwMDAsInVwZGF0ZSI6MTgwMDAwMDAwMDAwfX0=",
          "dependencies": [
            "module.service_catalog.aws_iam_role.launch",
            "module.service_catalog.aws_s3_bucket.templates",
            "module.service_catalog.aws_s3_object.product_template",
            "module.service_catalog.aws_servicecatalog_portfolio.this",
            "module.service_catalog.aws_servicecatalog_product.this",
            "module.service_catalog.aws_servicecatalog_product_portfolio_association.this",
            "module.service_catalog.data.aws_caller_identity.current",
            "module.service_catalog.data.aws_iam_policy_document.launch_assume_role"
          ]
        },
        {
          "index_key": "standard-iam-readonly-role",
          "schema_version": 0,
          "attributes": {
            "accept_language": "en",
            "description": "Launch role for standard-iam-readonly-role",
            "id": "cons-mjoe6spdt2u2e",
            "owner": "743165042770",
            "parameters": "{\"RoleArn\":\"arn:aws:iam::743165042770:role/path-labs-service-catalog-launch-role\"}",
            "portfolio_id": "port-lxqf7crikfwqu",
            "product_id": "prod-gxvstohrqrfws",
            "region": "us-east-1",
            "status": "AVAILABLE",
            "timeouts": null,
            "type": "LAUNCH"
          },
          "sensitive_attributes": [],
          "identity_schema_version": 0,
          "private": "eyJlMmJmYjczMC1lY2FhLTExZTYtOGY4OC0zNDM2M2JjN2M0YzAiOnsiY3JlYXRlIjoxODAwMDAwMDAwMDAsImRlbGV0ZSI6MTgwMDAwMDAwMDAwLCJyZWFkIjo2MDAwMDAwMDAwMDAsInVwZGF0ZSI6MTgwMDAwMDAwMDAwfX0=",
          "dependencies": [
            "module.service_catalog.aws_iam_role.launch",
            "module.service_catalog.aws_s3_bucket.templates",
            "module.service_catalog.aws_s3_object.product_template",
            "module.service_catalog.aws_servicecatalog_portfolio.this",
            "module.service_catalog.aws_servicecatalog_product.this",
            "module.service_catalog.aws_servicecatalog_product_portfolio_association.this",
            "module.service_catalog.data.aws_caller_identity.current",
            "module.service_catalog.data.aws_iam_policy_document.launch_assume_role"
          ]
        },
        {
          "index_key": "standard-kms-key",
          "schema_version": 0,
          "attributes": {
            "accept_language": "en",
            "description": "Launch role for standard-kms-key",
            "id": "cons-pjqqww7qyrk42",
            "owner": "743165042770",
            "parameters": "{\"RoleArn\":\"arn:aws:iam::743165042770:role/path-labs-service-catalog-launch-role\"}",
            "portfolio_id": "port-lxqf7crikfwqu",
            "product_id": "prod-fvyum5ntxfubi",
            "region": "us-east-1",
            "status": "AVAILABLE",
            "timeouts": null,
            "type": "LAUNCH"
          },
          "sensitive_attributes": [],
          "identity_schema_version": 0,
          "private": "eyJlMmJmYjczMC1lY2FhLTExZTYtOGY4OC0zNDM2M2JjN2M0YzAiOnsiY3JlYXRlIjoxODAwMDAwMDAwMDAsImRlbGV0ZSI6MTgwMDAwMDAwMDAwLCJyZWFkIjo2MDAwMDAwMDAwMDAsInVwZGF0ZSI6MTgwMDAwMDAwMDAwfX0=",
          "dependencies": [
            "module.service_catalog.aws_iam_role.launch",
            "module.service_catalog.aws_s3_bucket.templates",
            "module.service_catalog.aws_s3_object.product_template",
            "module.service_catalog.aws_servicecatalog_portfolio.this",
            "module.service_catalog.aws_servicecatalog_product.this",
            "module.service_catalog.aws_servicecatalog_product_portfolio_association.this",
            "module.service_catalog.data.aws_caller_identity.current",
            "module.service_catalog.data.aws_iam_policy_document.launch_assume_role"
          ]
        },
        {
          "index_key": "standard-lambda-function",
          "schema_version": 0,
          "attributes": {
            "accept_language": "en",
            "description": "Launch role for standard-lambda-function",
            "id": "cons-mdgspyvrn2ajw",
            "owner": "743165042770",
            "parameters": "{\"RoleArn\":\"arn:aws:iam::743165042770:role/path-labs-service-catalog-launch-role\"}",
            "portfolio_id": "port-lxqf7crikfwqu",
            "product_id": "prod-x4myo6d7vd3e6",
            "region": "us-east-1",
            "status": "AVAILABLE",
            "timeouts": null,
            "type": "LAUNCH"
          },
          "sensitive_attributes": [],
          "identity_schema_version": 0,
          "private": "eyJlMmJmYjczMC1lY2FhLTExZTYtOGY4OC0zNDM2M2JjN2M0YzAiOnsiY3JlYXRlIjoxODAwMDAwMDAwMDAsImRlbGV0ZSI6MTgwMDAwMDAwMDAwLCJyZWFkIjo2MDAwMDAwMDAwMDAsInVwZGF0ZSI6MTgwMDAwMDAwMDAwfX0=",
          "dependencies": [
            "module.service_catalog.aws_iam_role.launch",
            "module.service_catalog.aws_s3_bucket.templates",
            "module.service_catalog.aws_s3_object.product_template",
            "module.service_catalog.aws_servicecatalog_portfolio.this",
            "module.service_catalog.aws_servicecatalog_product.this",
            "module.service_catalog.aws_servicecatalog_product_portfolio_association.this",
            "module.service_catalog.data.aws_caller_identity.current",
            "module.service_catalog.data.aws_iam_policy_document.launch_assume_role"
          ]
        },
        {
          "index_key": "standard-log-group",
          "schema_version": 0,
          "attributes": {
            "accept_language": "en",
            "description": "Launch role for standard-log-group",
            "id": "cons-rpmnaji3im6py",
            "owner": "743165042770",
            "parameters": "{\"RoleArn\":\"arn:aws:iam::743165042770:role/path-labs-service-catalog-launch-role\"}",
            "portfolio_id": "port-lxqf7crikfwqu",
            "product_id": "prod-kd3uqo33ak65c",
            "region": "us-east-1",
            "status": "AVAILABLE",
            "timeouts": null,
            "type": "LAUNCH"
          },
          "sensitive_attributes": [],
          "identity_schema_version": 0,
          "private": "eyJlMmJmYjczMC1lY2FhLTExZTYtOGY4OC0zNDM2M2JjN2M0YzAiOnsiY3JlYXRlIjoxODAwMDAwMDAwMDAsImRlbGV0ZSI6MTgwMDAwMDAwMDAwLCJyZWFkIjo2MDAwMDAwMDAwMDAsInVwZGF0ZSI6MTgwMDAwMDAwMDAwfX0=",
          "dependencies": [
            "module.service_catalog.aws_iam_role.launch",
            "module.service_catalog.aws_s3_bucket.templates",
            "module.service_catalog.aws_s3_object.product_template",
            "module.service_catalog.aws_servicecatalog_portfolio.this",
            "module.service_catalog.aws_servicecatalog_product.this",
            "module.service_catalog.aws_servicecatalog_product_portfolio_association.this",
            "module.service_catalog.data.aws_caller_identity.current",
            "module.service_catalog.data.aws_iam_policy_document.launch_assume_role"
          ]
        },
        {
          "index_key": "standard-rds-instance",
          "schema_version": 0,
          "attributes": {
            "accept_language": "en",
            "description": "Launch role for standard-rds-instance",
            "id": "cons-xut674ikv4yx4",
            "owner": "743165042770",
            "parameters": "{\"RoleArn\":\"arn:aws:iam::743165042770:role/path-labs-service-catalog-launch-role\"}",
            "portfolio_id": "port-lxqf7crikfwqu",
            "product_id": "prod-oiobqt253ppa6",
            "region": "us-east-1",
            "status": "AVAILABLE",
            "timeouts": null,
            "type": "LAUNCH"
          },
          "sensitive_attributes": [],
          "identity_schema_version": 0,
          "private": "eyJlMmJmYjczMC1lY2FhLTExZTYtOGY4OC0zNDM2M2JjN2M0YzAiOnsiY3JlYXRlIjoxODAwMDAwMDAwMDAsImRlbGV0ZSI6MTgwMDAwMDAwMDAwLCJyZWFkIjo2MDAwMDAwMDAwMDAsInVwZGF0ZSI6MTgwMDAwMDAwMDAwfX0=",
          "dependencies": [
            "module.service_catalog.aws_iam_role.launch",
            "module.service_catalog.aws_s3_bucket.templates",
            "module.service_catalog.aws_s3_object.product_template",
            "module.service_catalog.aws_servicecatalog_portfolio.this",
            "module.service_catalog.aws_servicecatalog_product.this",
            "module.service_catalog.aws_servicecatalog_product_portfolio_association.this",
            "module.service_catalog.data.aws_caller_identity.current",
            "module.service_catalog.data.aws_iam_policy_document.launch_assume_role"
          ]
        },
        {
          "index_key": "standard-route53-record",
          "schema_version": 0,
          "attributes": {
            "accept_language": "en",
            "description": "Launch role for standard-route53-record",
            "id": "cons-i7buzgjbnuchi",
            "owner": "743165042770",
            "parameters": "{\"RoleArn\":\"arn:aws:iam::743165042770:role/path-labs-service-catalog-launch-role\"}",
            "portfolio_id": "port-lxqf7crikfwqu",
            "product_id": "prod-smjcvomys3xug",
            "region": "us-east-1",
            "status": "AVAILABLE",
            "timeouts": null,
            "type": "LAUNCH"
          },
          "sensitive_attributes": [],
          "identity_schema_version": 0,
          "private": "eyJlMmJmYjczMC1lY2FhLTExZTYtOGY4OC0zNDM2M2JjN2M0YzAiOnsiY3JlYXRlIjoxODAwMDAwMDAwMDAsImRlbGV0ZSI6MTgwMDAwMDAwMDAwLCJyZWFkIjo2MDAwMDAwMDAwMDAsInVwZGF0ZSI6MTgwMDAwMDAwMDAwfX0=",
          "dependencies": [
            "module.service_catalog.aws_iam_role.launch",
            "module.service_catalog.aws_s3_bucket.templates",
            "module.service_catalog.aws_s3_object.product_template",
            "module.service_catalog.aws_servicecatalog_portfolio.this",
            "module.service_catalog.aws_servicecatalog_product.this",
            "module.service_catalog.aws_servicecatalog_product_portfolio_association.this",
            "module.service_catalog.data.aws_caller_identity.current",
            "module.service_catalog.data.aws_iam_policy_document.launch_assume_role"
          ]
        },
        {
          "index_key": "standard-s3-bucket",
          "schema_version": 0,
          "attributes": {
            "accept_language": "en",
            "description": "Launch role for standard-s3-bucket",
            "id": "cons-qulgtryqekyjg",
            "owner": "743165042770",
            "parameters": "{\"RoleArn\":\"arn:aws:iam::743165042770:role/path-labs-service-catalog-launch-role\"}",
            "portfolio_id": "port-lxqf7crikfwqu",
            "product_id": "prod-qshhwjovv366s",
            "region": "us-east-1",
            "status": "AVAILABLE",
            "timeouts": null,
            "type": "LAUNCH"
          },
          "sensitive_attributes": [],
          "identity_schema_version": 0,
          "private": "eyJlMmJmYjczMC1lY2FhLTExZTYtOGY4OC0zNDM2M2JjN2M0YzAiOnsiY3JlYXRlIjoxODAwMDAwMDAwMDAsImRlbGV0ZSI6MTgwMDAwMDAwMDAwLCJyZWFkIjo2MDAwMDAwMDAwMDAsInVwZGF0ZSI6MTgwMDAwMDAwMDAwfX0=",
          "dependencies": [
            "module.service_catalog.aws_iam_role.launch",
            "module.service_catalog.aws_s3_bucket.templates",
            "module.service_catalog.aws_s3_object.product_template",
            "module.service_catalog.aws_servicecatalog_portfolio.this",
            "module.service_catalog.aws_servicecatalog_product.this",
            "module.service_catalog.aws_servicecatalog_product_portfolio_association.this",
            "module.service_catalog.data.aws_caller_identity.current",
            "module.service_catalog.data.aws_iam_policy_document.launch_assume_role"
          ]
        },
        {
          "index_key": "standard-secrets-manager-secret",
          "schema_version": 0,
          "attributes": {
            "accept_language": "en",
            "description": "Launch role for standard-secrets-manager-secret",
            "id": "cons-jrprclu77iifs",
            "owner": "743165042770",
            "parameters": "{\"RoleArn\":\"arn:aws:iam::743165042770:role/path-labs-service-catalog-launch-role\"}",
            "portfolio_id": "port-lxqf7crikfwqu",
            "product_id": "prod-ve3qsqfnin4i4",
            "region": "us-east-1",
            "status": "AVAILABLE",
            "timeouts": null,
            "type": "LAUNCH"
          },
          "sensitive_attributes": [],
          "identity_schema_version": 0,
          "private": "eyJlMmJmYjczMC1lY2FhLTExZTYtOGY4OC0zNDM2M2JjN2M0YzAiOnsiY3JlYXRlIjoxODAwMDAwMDAwMDAsImRlbGV0ZSI6MTgwMDAwMDAwMDAwLCJyZWFkIjo2MDAwMDAwMDAwMDAsInVwZGF0ZSI6MTgwMDAwMDAwMDAwfX0=",
          "dependencies": [
            "module.service_catalog.aws_iam_role.launch",
            "module.service_catalog.aws_s3_bucket.templates",
            "module.service_catalog.aws_s3_object.product_template",
            "module.service_catalog.aws_servicecatalog_portfolio.this",
            "module.service_catalog.aws_servicecatalog_product.this",
            "module.service_catalog.aws_servicecatalog_product_portfolio_association.this",
            "module.service_catalog.data.aws_caller_identity.current",
            "module.service_catalog.data.aws_iam_policy_document.launch_assume_role"
          ]
        },
        {
          "index_key": "standard-sfn-state-machine",
          "schema_version": 0,
          "attributes": {
            "accept_language": "en",
            "description": "Launch role for standard-sfn-state-machine",
            "id": "cons-wh5z3x3gn7b3u",
            "owner": "743165042770",
            "parameters": "{\"RoleArn\":\"arn:aws:iam::743165042770:role/path-labs-service-catalog-launch-role\"}",
            "portfolio_id": "port-lxqf7crikfwqu",
            "product_id": "prod-ofgey5q7rhvri",
            "region": "us-east-1",
            "status": "AVAILABLE",
            "timeouts": null,
            "type": "LAUNCH"
          },
          "sensitive_attributes": [],
          "identity_schema_version": 0,
          "private": "eyJlMmJmYjczMC1lY2FhLTExZTYtOGY4OC0zNDM2M2JjN2M0YzAiOnsiY3JlYXRlIjoxODAwMDAwMDAwMDAsImRlbGV0ZSI6MTgwMDAwMDAwMDAwLCJyZWFkIjo2MDAwMDAwMDAwMDAsInVwZGF0ZSI6MTgwMDAwMDAwMDAwfX0=",
          "dependencies": [
            "module.service_catalog.aws_iam_role.launch",
            "module.service_catalog.aws_s3_bucket.templates",
            "module.service_catalog.aws_s3_object.product_template",
            "module.service_catalog.aws_servicecatalog_portfolio.this",
            "module.service_catalog.aws_servicecatalog_product.this",
            "module.service_catalog.aws_servicecatalog_product_portfolio_association.this",
            "module.service_catalog.data.aws_caller_identity.current",
            "module.service_catalog.data.aws_iam_policy_document.launch_assume_role"
          ]
        },
        {
          "index_key": "standard-sns-topic",
          "schema_version": 0,
          "attributes": {
            "accept_language": "en",
            "description": "Launch role for standard-sns-topic",
            "id": "cons-qgqh674h6pjxw",
            "owner": "743165042770",
            "parameters": "{\"RoleArn\":\"arn:aws:iam::743165042770:role/path-labs-service-catalog-launch-role\"}",
            "portfolio_id": "port-lxqf7crikfwqu",
            "product_id": "prod-76ruooyp2yrre",
            "region": "us-east-1",
            "status": "AVAILABLE",
            "timeouts": null,
            "type": "LAUNCH"
          },
          "sensitive_attributes": [],
          "identity_schema_version": 0,
          "private": "eyJlMmJmYjczMC1lY2FhLTExZTYtOGY4OC0zNDM2M2JjN2M0YzAiOnsiY3JlYXRlIjoxODAwMDAwMDAwMDAsImRlbGV0ZSI6MTgwMDAwMDAwMDAwLCJyZWFkIjo2MDAwMDAwMDAwMDAsInVwZGF0ZSI6MTgwMDAwMDAwMDAwfX0=",
          "dependencies": [
            "module.service_catalog.aws_iam_role.launch",
            "module.service_catalog.aws_s3_bucket.templates",
            "module.service_catalog.aws_s3_object.product_template",
            "module.service_catalog.aws_servicecatalog_portfolio.this",
            "module.service_catalog.aws_servicecatalog_product.this",
            "module.service_catalog.aws_servicecatalog_product_portfolio_association.this",
            "module.service_catalog.data.aws_caller_identity.current",
            "module.service_catalog.data.aws_iam_policy_document.launch_assume_role"
          ]
        },
        {
          "index_key": "standard-sqs-queue",
          "schema_version": 0,
          "attributes": {
            "accept_language": "en",
            "description": "Launch role for standard-sqs-queue",
            "id": "cons-nftu2ablcpnqo",
            "owner": "743165042770",
            "parameters": "{\"RoleArn\":\"arn:aws:iam::743165042770:role/path-labs-service-catalog-launch-role\"}",
            "portfolio_id": "port-lxqf7crikfwqu",
            "product_id": "prod-fe2otdvep6w2c",
            "region": "us-east-1",
            "status": "AVAILABLE",
            "timeouts": null,
            "type": "LAUNCH"
          },
          "sensitive_attributes": [],
          "identity_schema_version": 0,
          "private": "eyJlMmJmYjczMC1lY2FhLTExZTYtOGY4OC0zNDM2M2JjN2M0YzAiOnsiY3JlYXRlIjoxODAwMDAwMDAwMDAsImRlbGV0ZSI6MTgwMDAwMDAwMDAwLCJyZWFkIjo2MDAwMDAwMDAwMDAsInVwZGF0ZSI6MTgwMDAwMDAwMDAwfX0=",
          "dependencies": [
            "module.service_catalog.aws_iam_role.launch",
            "module.service_catalog.aws_s3_bucket.templates",
            "module.service_catalog.aws_s3_object.product_template",
            "module.service_catalog.aws_servicecatalog_portfolio.this",
            "module.service_catalog.aws_servicecatalog_product.this",
            "module.service_catalog.aws_servicecatalog_product_portfolio_association.this",
            "module.service_catalog.data.aws_caller_identity.current",
            "module.service_catalog.data.aws_iam_policy_document.launch_assume_role"
          ]
        },
        {
          "index_key": "standard-ssm-parameter",
          "schema_version": 0,
          "attributes": {
            "accept_language": "en",
            "description": "Launch role for standard-ssm-parameter",
            "id": "cons-7snvjold5g2ha",
            "owner": "743165042770",
            "parameters": "{\"RoleArn\":\"arn:aws:iam::743165042770:role/path-labs-service-catalog-launch-role\"}",
            "portfolio_id": "port-lxqf7crikfwqu",
            "product_id": "prod-eqxoqioyplefa",
            "region": "us-east-1",
            "status": "AVAILABLE",
            "timeouts": null,
            "type": "LAUNCH"
          },
          "sensitive_attributes": [],
          "identity_schema_version": 0,
          "private": "eyJlMmJmYjczMC1lY2FhLTExZTYtOGY4OC0zNDM2M2JjN2M0YzAiOnsiY3JlYXRlIjoxODAwMDAwMDAwMDAsImRlbGV0ZSI6MTgwMDAwMDAwMDAwLCJyZWFkIjo2MDAwMDAwMDAwMDAsInVwZGF0ZSI6MTgwMDAwMDAwMDAwfX0=",
          "dependencies": [
            "module.service_catalog.aws_iam_role.launch",
            "module.service_catalog.aws_s3_bucket.templates",
            "module.service_catalog.aws_s3_object.product_template",
            "module.service_catalog.aws_servicecatalog_portfolio.this",
            "module.service_catalog.aws_servicecatalog_product.this",
            "module.service_catalog.aws_servicecatalog_product_portfolio_association.this",
            "module.service_catalog.data.aws_caller_identity.current",
            "module.service_catalog.data.aws_iam_policy_document.launch_assume_role"
          ]
        },
        {
          "index_key": "standard-vpc",
          "schema_version": 0,
          "attributes": {
            "accept_language": "en",
            "description": "Launch role for standard-vpc",
            "id": "cons-x42wddqztap5k",
            "owner": "743165042770",
            "parameters": "{\"RoleArn\":\"arn:aws:iam::743165042770:role/path-labs-service-catalog-launch-role\"}",
            "portfolio_id": "port-lxqf7crikfwqu",
            "product_id": "prod-2kepjs3737lhq",
            "region": "us-east-1",
            "status": "AVAILABLE",
            "timeouts": null,
            "type": "LAUNCH"
          },
          "sensitive_attributes": [],
          "identity_schema_version": 0,
          "private": "eyJlMmJmYjczMC1lY2FhLTExZTYtOGY4OC0zNDM2M2JjN2M0YzAiOnsiY3JlYXRlIjoxODAwMDAwMDAwMDAsImRlbGV0ZSI6MTgwMDAwMDAwMDAwLCJyZWFkIjo2MDAwMDAwMDAwMDAsInVwZGF0ZSI6MTgwMDAwMDAwMDAwfX0=",
          "dependencies": [
            "module.service_catalog.aws_iam_role.launch",
            "module.service_catalog.aws_s3_bucket.templates",
            "module.service_catalog.aws_s3_object.product_template",
            "module.service_catalog.aws_servicecatalog_portfolio.this",
            "module.service_catalog.aws_servicecatalog_product.this",
            "module.service_catalog.aws_servicecatalog_product_portfolio_association.this",
            "module.service_catalog.data.aws_caller_identity.current",
            "module.service_catalog.data.aws_iam_policy_document.launch_assume_role"
          ]
        }
      ]
    },
    {
      "module": "module.service_catalog",
      "mode": "managed",
      "type": "aws_servicecatalog_portfolio",
      "name": "this",
      "provider": "provider[\"registry.terraform.io/hashicorp/aws\"]",
      "instances": [
        {
          "schema_version": 0,
          "attributes": {
            "arn": "arn:aws:catalog:us-east-1:743165042770:portfolio/port-lxqf7crikfwqu",
            "created_time": "2026-08-08T17:03:16Z",
            "description": "Path Labs self-service product catalog (SharedServices Account)",
            "id": "port-lxqf7crikfwqu",
            "name": "path-labs-service-catalog",
            "provider_name": "Path Labs Platform Team",
            "region": "us-east-1",
            "tags": {
              "Purpose": "path-labs-service-catalog"
            },
            "tags_all": {
              "Purpose": "path-labs-service-catalog"
            },
            "timeouts": null
          },
          "sensitive_attributes": [],
          "identity_schema_version": 0,
          "private": "eyJlMmJmYjczMC1lY2FhLTExZTYtOGY4OC0zNDM2M2JjN2M0YzAiOnsiY3JlYXRlIjoxODAwMDAwMDAwMDAwLCJkZWxldGUiOjE4MDAwMDAwMDAwMDAsInJlYWQiOjYwMDAwMDAwMDAwMCwidXBkYXRlIjoxODAwMDAwMDAwMDAwfX0="
        }
      ]
    },
    {
      "module": "module.service_catalog",
      "mode": "managed",
      "type": "aws_servicecatalog_portfolio_share",
      "name": "account",
      "provider": "provider[\"registry.terraform.io/hashicorp/aws\"]",
      "instances": [
        {
          "index_key": "853973692277",
          "schema_version": 0,
          "attributes": {
            "accept_language": "en",
            "accepted": false,
            "id": "port-lxqf7crikfwqu:ACCOUNT:853973692277",
            "portfolio_id": "port-lxqf7crikfwqu",
            "principal_id": "853973692277",
            "region": "us-east-1",
            "share_principals": false,
            "share_tag_options": false,
            "timeouts": null,
            "type": "ACCOUNT",
            "wait_for_acceptance": false
          },
          "sensitive_attributes": [],
          "identity_schema_version": 0,
          "private": "eyJlMmJmYjczMC1lY2FhLTExZTYtOGY4OC0zNDM2M2JjN2M0YzAiOnsiY3JlYXRlIjoxODAwMDAwMDAwMDAsImRlbGV0ZSI6MTgwMDAwMDAwMDAwLCJyZWFkIjo2MDAwMDAwMDAwMDAsInVwZGF0ZSI6MTgwMDAwMDAwMDAwfX0=",
          "dependencies": [
            "module.service_catalog.aws_servicecatalog_portfolio.this"
          ]
        }
      ]
    },
    {
      "module": "module.service_catalog",
      "mode": "managed",
      "type": "aws_servicecatalog_product",
      "name": "this",
      "provider": "provider[\"registry.terraform.io/hashicorp/aws\"]",
      "instances": [
        {
          "index_key": "standard-acm-certificate",
          "schema_version": 0,
          "attributes": {
            "accept_language": "en",
            "arn": "arn:aws:catalog:us-east-1:743165042770:product/prod-7vvrgzcwliece",
            "created_time": "2026-08-08T17:03:27Z",
            "description": "DNS-validated ACM certificate under a curated dropdown of this account's actual domains",
            "distributor": "",
            "has_default_path": false,
            "id": "prod-7vvrgzcwliece",
            "name": "standard-acm-certificate",
            "owner": "Path Labs Platform Team",
            "provisioning_artifact_parameters": [
              {
                "description": "",
                "disable_template_validation": false,
                "name": "v1",
                "template_physical_id": "",
                "template_url": "https://path-labs-service-catalog-templates-743165042770.s3.us-east-1.amazonaws.com/products/standard-acm-certificate.yaml",
                "type": "CLOUD_FORMATION_TEMPLATE"
              }
            ],
            "region": "us-east-1",
            "status": "CREATED",
            "support_description": "",
            "support_email": "",
            "support_url": "",
            "tags": {
              "Purpose": "path-labs-service-catalog"
            },
            "tags_all": {
              "Purpose": "path-labs-service-catalog"
            },
            "timeouts": null,
            "type": "CLOUD_FORMATION_TEMPLATE"
          },
          "sensitive_attributes": [],
          "identity_schema_version": 0,
          "private": "eyJlMmJmYjczMC1lY2FhLTExZTYtOGY4OC0zNDM2M2JjN2M0YzAiOnsiY3JlYXRlIjozMDAwMDAwMDAwMDAsImRlbGV0ZSI6MzAwMDAwMDAwMDAwLCJyZWFkIjo2MDAwMDAwMDAwMDAsInVwZGF0ZSI6MzAwMDAwMDAwMDAwfX0=",
          "dependencies": [
            "module.service_catalog.aws_s3_bucket.templates",
            "module.service_catalog.aws_s3_object.product_template",
            "module.service_catalog.data.aws_caller_identity.current"
          ]
        },
        {
          "index_key": "standard-cloudfront-distribution",
          "schema_version": 0,
          "attributes": {
            "accept_language": "en",
            "arn": "arn:aws:catalog:us-east-1:743165042770:product/prod-4im3hjsftwyxo",
            "created_time": "2026-08-08T17:03:34Z",
            "description": "CloudFront distribution fronting an existing S3 bucket via Origin Access Control",
            "distributor": "",
            "has_default_path": false,
            "id": "prod-4im3hjsftwyxo",
            "name": "standard-cloudfront-distribution",
            "owner": "Path Labs Platform Team",
            "provisioning_artifact_parameters": [
              {
                "description": "",
                "disable_template_validation": false,
                "name": "v1",
                "template_physical_id": "",
                "template_url": "https://path-labs-service-catalog-templates-743165042770.s3.us-east-1.amazonaws.com/products/standard-cloudfront-distribution.yaml",
                "type": "CLOUD_FORMATION_TEMPLATE"
              }
            ],
            "region": "us-east-1",
            "status": "CREATED",
            "support_description": "",
            "support_email": "",
            "support_url": "",
            "tags": {
              "Purpose": "path-labs-service-catalog"
            },
            "tags_all": {
              "Purpose": "path-labs-service-catalog"
            },
            "timeouts": null,
            "type": "CLOUD_FORMATION_TEMPLATE"
          },
          "sensitive_attributes": [],
          "identity_schema_version": 0,
          "private": "eyJlMmJmYjczMC1lY2FhLTExZTYtOGY4OC0zNDM2M2JjN2M0YzAiOnsiY3JlYXRlIjozMDAwMDAwMDAwMDAsImRlbGV0ZSI6MzAwMDAwMDAwMDAwLCJyZWFkIjo2MDAwMDAwMDAwMDAsInVwZGF0ZSI6MzAwMDAwMDAwMDAwfX0=",
          "dependencies": [
            "module.service_catalog.aws_s3_bucket.templates",
            "module.service_catalog.aws_s3_object.product_template",
            "module.service_catalog.data.aws_caller_identity.current"
          ]
        },
        {
          "index_key": "standard-cloudwatch-alarm",
          "schema_version": 0,
          "attributes": {
            "accept_language": "en",
            "arn": "arn:aws:catalog:us-east-1:743165042770:product/prod-6h6vu2nry4aau",
            "created_time": "2026-08-08T17:03:33Z",
            "description": "CloudWatch metric alarm that notifies an existing SNS topic on breach",
            "distributor": "",
            "has_default_path": false,
            "id": "prod-6h6vu2nry4aau",
            "name": "standard-cloudwatch-alarm",
            "owner": "Path Labs Platform Team",
            "provisioning_artifact_parameters": [
              {
                "description": "",
                "disable_template_validation": false,
                "name": "v1",
                "template_physical_id": "",
                "template_url": "https://path-labs-service-catalog-templates-743165042770.s3.us-east-1.amazonaws.com/products/standard-cloudwatch-alarm.yaml",
                "type": "CLOUD_FORMATION_TEMPLATE"
              }
            ],
            "region": "us-east-1",
            "status": "CREATED",
            "support_description": "",
            "support_email": "",
            "support_url": "",
            "tags": {
              "Purpose": "path-labs-service-catalog"
            },
            "tags_all": {
              "Purpose": "path-labs-service-catalog"
            },
            "timeouts": null,
            "type": "CLOUD_FORMATION_TEMPLATE"
          },
          "sensitive_attributes": [],
          "identity_schema_version": 0,
          "private": "eyJlMmJmYjczMC1lY2FhLTExZTYtOGY4OC0zNDM2M2JjN2M0YzAiOnsiY3JlYXRlIjozMDAwMDAwMDAwMDAsImRlbGV0ZSI6MzAwMDAwMDAwMDAwLCJyZWFkIjo2MDAwMDAwMDAwMDAsInVwZGF0ZSI6MzAwMDAwMDAwMDAwfX0=",
          "dependencies": [
            "module.service_catalog.aws_s3_bucket.templates",
            "module.service_catalog.aws_s3_object.product_template",
            "module.service_catalog.data.aws_caller_identity.current"
          ]
        },
        {
          "index_key": "standard-cloudwatch-dashboard",
          "schema_version": 0,
          "attributes": {
            "accept_language": "en",
            "arn": "arn:aws:catalog:us-east-1:743165042770:product/prod-iyiry3ua2jtso",
            "created_time": "2026-08-08T17:03:27Z",
            "description": "CloudWatch dashboard from user-supplied widget JSON",
            "distributor": "",
            "has_default_path": false,
            "id": "prod-iyiry3ua2jtso",
            "name": "standard-cloudwatch-dashboard",
            "owner": "Path Labs Platform Team",
            "provisioning_artifact_parameters": [
              {
                "description": "",
                "disable_template_validation": false,
                "name": "v1",
                "template_physical_id": "",
                "template_url": "https://path-labs-service-catalog-templates-743165042770.s3.us-east-1.amazonaws.com/products/standard-cloudwatch-dashboard.yaml",
                "type": "CLOUD_FORMATION_TEMPLATE"
              }
            ],
            "region": "us-east-1",
            "status": "CREATED",
            "support_description": "",
            "support_email": "",
            "support_url": "",
            "tags": {
              "Purpose": "path-labs-service-catalog"
            },
            "tags_all": {
              "Purpose": "path-labs-service-catalog"
            },
            "timeouts": null,
            "type": "CLOUD_FORMATION_TEMPLATE"
          },
          "sensitive_attributes": [],
          "identity_schema_version": 0,
          "private": "eyJlMmJmYjczMC1lY2FhLTExZTYtOGY4OC0zNDM2M2JjN2M0YzAiOnsiY3JlYXRlIjozMDAwMDAwMDAwMDAsImRlbGV0ZSI6MzAwMDAwMDAwMDAwLCJyZWFkIjo2MDAwMDAwMDAwMDAsInVwZGF0ZSI6MzAwMDAwMDAwMDAwfX0=",
          "dependencies": [
            "module.service_catalog.aws_s3_bucket.templates",
            "module.service_catalog.aws_s3_object.product_template",
            "module.service_catalog.data.aws_caller_identity.current"
          ]
        },
        {
          "index_key": "standard-dynamodb-table",
          "schema_version": 0,
          "attributes": {
            "accept_language": "en",
            "arn": "arn:aws:catalog:us-east-1:743165042770:product/prod-fpcxiu2rjj4ns",
            "created_time": "2026-08-08T17:03:34Z",
            "description": "On-demand DynamoDB table with encryption at rest and point-in-time recovery",
            "distributor": "",
            "has_default_path": false,
            "id": "prod-fpcxiu2rjj4ns",
            "name": "standard-dynamodb-table",
            "owner": "Path Labs Platform Team",
            "provisioning_artifact_parameters": [
              {
                "description": "",
                "disable_template_validation": false,
                "name": "v1",
                "template_physical_id": "",
                "template_url": "https://path-labs-service-catalog-templates-743165042770.s3.us-east-1.amazonaws.com/products/standard-dynamodb-table.yaml",
                "type": "CLOUD_FORMATION_TEMPLATE"
              }
            ],
            "region": "us-east-1",
            "status": "CREATED",
            "support_description": "",
            "support_email": "",
            "support_url": "",
            "tags": {
              "Purpose": "path-labs-service-catalog"
            },
            "tags_all": {
              "Purpose": "path-labs-service-catalog"
            },
            "timeouts": null,
            "type": "CLOUD_FORMATION_TEMPLATE"
          },
          "sensitive_attributes": [],
          "identity_schema_version": 0,
          "private": "eyJlMmJmYjczMC1lY2FhLTExZTYtOGY4OC0zNDM2M2JjN2M0YzAiOnsiY3JlYXRlIjozMDAwMDAwMDAwMDAsImRlbGV0ZSI6MzAwMDAwMDAwMDAwLCJyZWFkIjo2MDAwMDAwMDAwMDAsInVwZGF0ZSI6MzAwMDAwMDAwMDAwfX0=",
          "dependencies": [
            "module.service_catalog.aws_s3_bucket.templates",
            "module.service_catalog.aws_s3_object.product_template",
            "module.service_catalog.data.aws_caller_identity.current"
          ]
        },
        {
          "index_key": "standard-ecr-repository",
          "schema_version": 0,
          "attributes": {
            "accept_language": "en",
            "arn": "arn:aws:catalog:us-east-1:743165042770:product/prod-rlmcnxacyivqu",
            "created_time": "2026-08-08T17:03:27Z",
            "description": "ECR repository with scan-on-push and immutable tags",
            "distributor": "",
            "has_default_path": false,
            "id": "prod-rlmcnxacyivqu",
            "name": "standard-ecr-repository",
            "owner": "Path Labs Platform Team",
            "provisioning_artifact_parameters": [
              {
                "description": "",
                "disable_template_validation": false,
                "name": "v1",
                "template_physical_id": "",
                "template_url": "https://path-labs-service-catalog-templates-743165042770.s3.us-east-1.amazonaws.com/products/standard-ecr-repository.yaml",
                "type": "CLOUD_FORMATION_TEMPLATE"
              }
            ],
            "region": "us-east-1",
            "status": "CREATED",
            "support_description": "",
            "support_email": "",
            "support_url": "",
            "tags": {
              "Purpose": "path-labs-service-catalog"
            },
            "tags_all": {
              "Purpose": "path-labs-service-catalog"
            },
            "timeouts": null,
            "type": "CLOUD_FORMATION_TEMPLATE"
          },
          "sensitive_attributes": [],
          "identity_schema_version": 0,
          "private": "eyJlMmJmYjczMC1lY2FhLTExZTYtOGY4OC0zNDM2M2JjN2M0YzAiOnsiY3JlYXRlIjozMDAwMDAwMDAwMDAsImRlbGV0ZSI6MzAwMDAwMDAwMDAwLCJyZWFkIjo2MDAwMDAwMDAwMDAsInVwZGF0ZSI6MzAwMDAwMDAwMDAwfX0=",
          "dependencies": [
            "module.service_catalog.aws_s3_bucket.templates",
            "module.service_catalog.aws_s3_object.product_template",
            "module.service_catalog.data.aws_caller_identity.current"
          ]
        },
        {
          "index_key": "standard-ecs-cluster",
          "schema_version": 0,
          "attributes": {
            "accept_language": "en",
            "arn": "arn:aws:catalog:us-east-1:743165042770:product/prod-6blfqvbvlkuzq",
            "created_time": "2026-08-08T17:03:34Z",
            "description": "Fargate-only ECS cluster with Container Insights enabled",
            "distributor": "",
            "has_default_path": false,
            "id": "prod-6blfqvbvlkuzq",
            "name": "standard-ecs-cluster",
            "owner": "Path Labs Platform Team",
            "provisioning_artifact_parameters": [
              {
                "description": "",
                "disable_template_validation": false,
                "name": "v1",
                "template_physical_id": "",
                "template_url": "https://path-labs-service-catalog-templates-743165042770.s3.us-east-1.amazonaws.com/products/standard-ecs-cluster.yaml",
                "type": "CLOUD_FORMATION_TEMPLATE"
              }
            ],
            "region": "us-east-1",
            "status": "CREATED",
            "support_description": "",
            "support_email": "",
            "support_url": "",
            "tags": {
              "Purpose": "path-labs-service-catalog"
            },
            "tags_all": {
              "Purpose": "path-labs-service-catalog"
            },
            "timeouts": null,
            "type": "CLOUD_FORMATION_TEMPLATE"
          },
          "sensitive_attributes": [],
          "identity_schema_version": 0,
          "private": "eyJlMmJmYjczMC1lY2FhLTExZTYtOGY4OC0zNDM2M2JjN2M0YzAiOnsiY3JlYXRlIjozMDAwMDAwMDAwMDAsImRlbGV0ZSI6MzAwMDAwMDAwMDAwLCJyZWFkIjo2MDAwMDAwMDAwMDAsInVwZGF0ZSI6MzAwMDAwMDAwMDAwfX0=",
          "dependencies": [
            "module.service_catalog.aws_s3_bucket.templates",
            "module.service_catalog.aws_s3_object.product_template",
            "module.service_catalog.data.aws_caller_identity.current"
          ]
        },
        {
          "index_key": "standard-eventbridge-schedule",
          "schema_version": 0,
          "attributes": {
            "accept_language": "en",
            "arn": "arn:aws:catalog:us-east-1:743165042770:product/prod-ckbutg3tob7fo",
            "created_time": "2026-08-08T17:03:27Z",
            "description": "EventBridge scheduled rule that publishes to an existing SNS topic",
            "distributor": "",
            "has_default_path": false,
            "id": "prod-ckbutg3tob7fo",
            "name": "standard-eventbridge-schedule",
            "owner": "Path Labs Platform Team",
            "provisioning_artifact_parameters": [
              {
                "description": "",
                "disable_template_validation": false,
                "name": "v1",
                "template_physical_id": "",
                "template_url": "https://path-labs-service-catalog-templates-743165042770.s3.us-east-1.amazonaws.com/products/standard-eventbridge-schedule.yaml",
                "type": "CLOUD_FORMATION_TEMPLATE"
              }
            ],
            "region": "us-east-1",
            "status": "CREATED",
            "support_description": "",
            "support_email": "",
            "support_url": "",
            "tags": {
              "Purpose": "path-labs-service-catalog"
            },
            "tags_all": {
              "Purpose": "path-labs-service-catalog"
            },
            "timeouts": null,
            "type": "CLOUD_FORMATION_TEMPLATE"
          },
          "sensitive_attributes": [],
          "identity_schema_version": 0,
          "private": "eyJlMmJmYjczMC1lY2FhLTExZTYtOGY4OC0zNDM2M2JjN2M0YzAiOnsiY3JlYXRlIjozMDAwMDAwMDAwMDAsImRlbGV0ZSI6MzAwMDAwMDAwMDAwLCJyZWFkIjo2MDAwMDAwMDAwMDAsInVwZGF0ZSI6MzAwMDAwMDAwMDAwfX0=",
          "dependencies": [
            "module.service_catalog.aws_s3_bucket.templates",
            "module.service_catalog.aws_s3_object.product_template",
            "module.service_catalog.data.aws_caller_identity.current"
          ]
        },
        {
          "index_key": "standard-iam-readonly-role",
          "schema_version": 0,
          "attributes": {
            "accept_language": "en",
            "arn": "arn:aws:catalog:us-east-1:743165042770:product/prod-gxvstohrqrfws",
            "created_time": "2026-08-08T17:03:27Z",
            "description": "IAM role restricted to a curated allowlist of read-only managed policies",
            "distributor": "",
            "has_default_path": false,
            "id": "prod-gxvstohrqrfws",
            "name": "standard-iam-readonly-role",
            "owner": "Path Labs Platform Team",
            "provisioning_artifact_parameters": [
              {
                "description": "",
                "disable_template_validation": false,
                "name": "v1",
                "template_physical_id": "",
                "template_url": "https://path-labs-service-catalog-templates-743165042770.s3.us-east-1.amazonaws.com/products/standard-iam-readonly-role.yaml",
                "type": "CLOUD_FORMATION_TEMPLATE"
              }
            ],
            "region": "us-east-1",
            "status": "CREATED",
            "support_description": "",
            "support_email": "",
            "support_url": "",
            "tags": {
              "Purpose": "path-labs-service-catalog"
            },
            "tags_all": {
              "Purpose": "path-labs-service-catalog"
            },
            "timeouts": null,
            "type": "CLOUD_FORMATION_TEMPLATE"
          },
          "sensitive_attributes": [],
          "identity_schema_version": 0,
          "private": "eyJlMmJmYjczMC1lY2FhLTExZTYtOGY4OC0zNDM2M2JjN2M0YzAiOnsiY3JlYXRlIjozMDAwMDAwMDAwMDAsImRlbGV0ZSI6MzAwMDAwMDAwMDAwLCJyZWFkIjo2MDAwMDAwMDAwMDAsInVwZGF0ZSI6MzAwMDAwMDAwMDAwfX0=",
          "dependencies": [
            "module.service_catalog.aws_s3_bucket.templates",
            "module.service_catalog.aws_s3_object.product_template",
            "module.service_catalog.data.aws_caller_identity.current"
          ]
        },
        {
          "index_key": "standard-kms-key",
          "schema_version": 0,
          "attributes": {
            "accept_language": "en",
            "arn": "arn:aws:catalog:us-east-1:743165042770:product/prod-fvyum5ntxfubi",
            "created_time": "2026-08-08T17:03:33Z",
            "description": "Customer-managed KMS key with automatic annual rotation",
            "distributor": "",
            "has_default_path": false,
            "id": "prod-fvyum5ntxfubi",
            "name": "standard-kms-key",
            "owner": "Path Labs Platform Team",
            "provisioning_artifact_parameters": [
              {
                "description": "",
                "disable_template_validation": false,
                "name": "v1",
                "template_physical_id": "",
                "template_url": "https://path-labs-service-catalog-templates-743165042770.s3.us-east-1.amazonaws.com/products/standard-kms-key.yaml",
                "type": "CLOUD_FORMATION_TEMPLATE"
              }
            ],
            "region": "us-east-1",
            "status": "CREATED",
            "support_description": "",
            "support_email": "",
            "support_url": "",
            "tags": {
              "Purpose": "path-labs-service-catalog"
            },
            "tags_all": {
              "Purpose": "path-labs-service-catalog"
            },
            "timeouts": null,
            "type": "CLOUD_FORMATION_TEMPLATE"
          },
          "sensitive_attributes": [],
          "identity_schema_version": 0,
          "private": "eyJlMmJmYjczMC1lY2FhLTExZTYtOGY4OC0zNDM2M2JjN2M0YzAiOnsiY3JlYXRlIjozMDAwMDAwMDAwMDAsImRlbGV0ZSI6MzAwMDAwMDAwMDAwLCJyZWFkIjo2MDAwMDAwMDAwMDAsInVwZGF0ZSI6MzAwMDAwMDAwMDAwfX0=",
          "dependencies": [
            "module.service_catalog.aws_s3_bucket.templates",
            "module.service_catalog.aws_s3_object.product_template",
            "module.service_catalog.data.aws_caller_identity.current"
          ]
        },
        {
          "index_key": "standard-lambda-function",
          "schema_version": 0,
          "attributes": {
            "accept_language": "en",
            "arn": "arn:aws:catalog:us-east-1:743165042770:product/prod-x4myo6d7vd3e6",
            "created_time": "2026-08-08T17:03:26Z",
            "description": "Lambda function with a placeholder handler and a dedicated logs-only execution role",
            "distributor": "",
            "has_default_path": false,
            "id": "prod-x4myo6d7vd3e6",
            "name": "standard-lambda-function",
            "owner": "Path Labs Platform Team",
            "provisioning_artifact_parameters": [
              {
                "description": "",
                "disable_template_validation": false,
                "name": "v1",
                "template_physical_id": "",
                "template_url": "https://path-labs-service-catalog-templates-743165042770.s3.us-east-1.amazonaws.com/products/standard-lambda-function.yaml",
                "type": "CLOUD_FORMATION_TEMPLATE"
              }
            ],
            "region": "us-east-1",
            "status": "CREATED",
            "support_description": "",
            "support_email": "",
            "support_url": "",
            "tags": {
              "Purpose": "path-labs-service-catalog"
            },
            "tags_all": {
              "Purpose": "path-labs-service-catalog"
            },
            "timeouts": null,
            "type": "CLOUD_FORMATION_TEMPLATE"
          },
          "sensitive_attributes": [],
          "identity_schema_version": 0,
          "private": "eyJlMmJmYjczMC1lY2FhLTExZTYtOGY4OC0zNDM2M2JjN2M0YzAiOnsiY3JlYXRlIjozMDAwMDAwMDAwMDAsImRlbGV0ZSI6MzAwMDAwMDAwMDAwLCJyZWFkIjo2MDAwMDAwMDAwMDAsInVwZGF0ZSI6MzAwMDAwMDAwMDAwfX0=",
          "dependencies": [
            "module.service_catalog.aws_s3_bucket.templates",
            "module.service_catalog.aws_s3_object.product_template",
            "module.service_catalog.data.aws_caller_identity.current"
          ]
        },
        {
          "index_key": "standard-log-group",
          "schema_version": 0,
          "attributes": {
            "accept_language": "en",
            "arn": "arn:aws:catalog:us-east-1:743165042770:product/prod-kd3uqo33ak65c",
            "created_time": "2026-08-08T17:03:33Z",
            "description": "CloudWatch Logs log group with bounded retention",
            "distributor": "",
            "has_default_path": false,
            "id": "prod-kd3uqo33ak65c",
            "name": "standard-log-group",
            "owner": "Path Labs Platform Team",
            "provisioning_artifact_parameters": [
              {
                "description": "",
                "disable_template_validation": false,
                "name": "v1",
                "template_physical_id": "",
                "template_url": "https://path-labs-service-catalog-templates-743165042770.s3.us-east-1.amazonaws.com/products/standard-log-group.yaml",
                "type": "CLOUD_FORMATION_TEMPLATE"
              }
            ],
            "region": "us-east-1",
            "status": "CREATED",
            "support_description": "",
            "support_email": "",
            "support_url": "",
            "tags": {
              "Purpose": "path-labs-service-catalog"
            },
            "tags_all": {
              "Purpose": "path-labs-service-catalog"
            },
            "timeouts": null,
            "type": "CLOUD_FORMATION_TEMPLATE"
          },
          "sensitive_attributes": [],
          "identity_schema_version": 0,
          "private": "eyJlMmJmYjczMC1lY2FhLTExZTYtOGY4OC0zNDM2M2JjN2M0YzAiOnsiY3JlYXRlIjozMDAwMDAwMDAwMDAsImRlbGV0ZSI6MzAwMDAwMDAwMDAwLCJyZWFkIjo2MDAwMDAwMDAwMDAsInVwZGF0ZSI6MzAwMDAwMDAwMDAwfX0=",
          "dependencies": [
            "module.service_catalog.aws_s3_bucket.templates",
            "module.service_catalog.aws_s3_object.product_template",
            "module.service_catalog.data.aws_caller_identity.current"
          ]
        },
        {
          "index_key": "standard-rds-instance",
          "schema_version": 0,
          "attributes": {
            "accept_language": "en",
            "arn": "arn:aws:catalog:us-east-1:743165042770:product/prod-oiobqt253ppa6",
            "created_time": "2026-08-08T17:03:27Z",
            "description": "Cost-conscious single-AZ RDS instance (Postgres/MySQL), encrypted, AWS-managed master password",
            "distributor": "",
            "has_default_path": false,
            "id": "prod-oiobqt253ppa6",
            "name": "standard-rds-instance",
            "owner": "Path Labs Platform Team",
            "provisioning_artifact_parameters": [
              {
                "description": "",
                "disable_template_validation": false,
                "name": "v1",
                "template_physical_id": "",
                "template_url": "https://path-labs-service-catalog-templates-743165042770.s3.us-east-1.amazonaws.com/products/standard-rds-instance.yaml",
                "type": "CLOUD_FORMATION_TEMPLATE"
              }
            ],
            "region": "us-east-1",
            "status": "CREATED",
            "support_description": "",
            "support_email": "",
            "support_url": "",
            "tags": {
              "Purpose": "path-labs-service-catalog"
            },
            "tags_all": {
              "Purpose": "path-labs-service-catalog"
            },
            "timeouts": null,
            "type": "CLOUD_FORMATION_TEMPLATE"
          },
          "sensitive_attributes": [],
          "identity_schema_version": 0,
          "private": "eyJlMmJmYjczMC1lY2FhLTExZTYtOGY4OC0zNDM2M2JjN2M0YzAiOnsiY3JlYXRlIjozMDAwMDAwMDAwMDAsImRlbGV0ZSI6MzAwMDAwMDAwMDAwLCJyZWFkIjo2MDAwMDAwMDAwMDAsInVwZGF0ZSI6MzAwMDAwMDAwMDAwfX0=",
          "dependencies": [
            "module.service_catalog.aws_s3_bucket.templates",
            "module.service_catalog.aws_s3_object.product_template",
            "module.service_catalog.data.aws_caller_identity.current"
          ]
        },
        {
          "index_key": "standard-route53-record",
          "schema_version": 0,
          "attributes": {
            "accept_language": "en",
            "arn": "arn:aws:catalog:us-east-1:743165042770:product/prod-smjcvomys3xug",
            "created_time": "2026-08-08T17:03:34Z",
            "description": "DNS record under a curated dropdown of this account's actual domains (path.app.presidio.com)",
            "distributor": "",
            "has_default_path": false,
            "id": "prod-smjcvomys3xug",
            "name": "standard-route53-record",
            "owner": "Path Labs Platform Team",
            "provisioning_artifact_parameters": [
              {
                "description": "",
                "disable_template_validation": false,
                "name": "v1",
                "template_physical_id": "",
                "template_url": "https://path-labs-service-catalog-templates-743165042770.s3.us-east-1.amazonaws.com/products/standard-route53-record.yaml",
                "type": "CLOUD_FORMATION_TEMPLATE"
              }
            ],
            "region": "us-east-1",
            "status": "CREATED",
            "support_description": "",
            "support_email": "",
            "support_url": "",
            "tags": {
              "Purpose": "path-labs-service-catalog"
            },
            "tags_all": {
              "Purpose": "path-labs-service-catalog"
            },
            "timeouts": null,
            "type": "CLOUD_FORMATION_TEMPLATE"
          },
          "sensitive_attributes": [],
          "identity_schema_version": 0,
          "private": "eyJlMmJmYjczMC1lY2FhLTExZTYtOGY4OC0zNDM2M2JjN2M0YzAiOnsiY3JlYXRlIjozMDAwMDAwMDAwMDAsImRlbGV0ZSI6MzAwMDAwMDAwMDAwLCJyZWFkIjo2MDAwMDAwMDAwMDAsInVwZGF0ZSI6MzAwMDAwMDAwMDAwfX0=",
          "dependencies": [
            "module.service_catalog.aws_s3_bucket.templates",
            "module.service_catalog.aws_s3_object.product_template",
            "module.service_catalog.data.aws_caller_identity.current"
          ]
        },
        {
          "index_key": "standard-s3-bucket",
          "schema_version": 0,
          "attributes": {
            "accept_language": "en",
            "arn": "arn:aws:catalog:us-east-1:743165042770:product/prod-qshhwjovv366s",
            "created_time": "2026-08-08T17:03:27Z",
            "description": "Private, encrypted, versioned S3 bucket with public access fully blocked",
            "distributor": "",
            "has_default_path": false,
            "id": "prod-qshhwjovv366s",
            "name": "standard-s3-bucket",
            "owner": "Path Labs Platform Team",
            "provisioning_artifact_parameters": [
              {
                "description": "",
                "disable_template_validation": false,
                "name": "v1",
                "template_physical_id": "",
                "template_url": "https://path-labs-service-catalog-templates-743165042770.s3.us-east-1.amazonaws.com/products/standard-s3-bucket.yaml",
                "type": "CLOUD_FORMATION_TEMPLATE"
              }
            ],
            "region": "us-east-1",
            "status": "CREATED",
            "support_description": "",
            "support_email": "",
            "support_url": "",
            "tags": {
              "Purpose": "path-labs-service-catalog"
            },
            "tags_all": {
              "Purpose": "path-labs-service-catalog"
            },
            "timeouts": null,
            "type": "CLOUD_FORMATION_TEMPLATE"
          },
          "sensitive_attributes": [],
          "identity_schema_version": 0,
          "private": "eyJlMmJmYjczMC1lY2FhLTExZTYtOGY4OC0zNDM2M2JjN2M0YzAiOnsiY3JlYXRlIjozMDAwMDAwMDAwMDAsImRlbGV0ZSI6MzAwMDAwMDAwMDAwLCJyZWFkIjo2MDAwMDAwMDAwMDAsInVwZGF0ZSI6MzAwMDAwMDAwMDAwfX0=",
          "dependencies": [
            "module.service_catalog.aws_s3_bucket.templates",
            "module.service_catalog.aws_s3_object.product_template",
            "module.service_catalog.data.aws_caller_identity.current"
          ]
        },
        {
          "index_key": "standard-secrets-manager-secret",
          "schema_version": 0,
          "attributes": {
            "accept_language": "en",
            "arn": "arn:aws:catalog:us-east-1:743165042770:product/prod-ve3qsqfnin4i4",
            "created_time": "2026-08-08T17:03:34Z",
            "description": "Secrets Manager secret with an AWS-generated random value (no plaintext input)",
            "distributor": "",
            "has_default_path": false,
            "id": "prod-ve3qsqfnin4i4",
            "name": "standard-secrets-manager-secret",
            "owner": "Path Labs Platform Team",
            "provisioning_artifact_parameters": [
              {
                "description": "",
                "disable_template_validation": false,
                "name": "v1",
                "template_physical_id": "",
                "template_url": "https://path-labs-service-catalog-templates-743165042770.s3.us-east-1.amazonaws.com/products/standard-secrets-manager-secret.yaml",
                "type": "CLOUD_FORMATION_TEMPLATE"
              }
            ],
            "region": "us-east-1",
            "status": "CREATED",
            "support_description": "",
            "support_email": "",
            "support_url": "",
            "tags": {
              "Purpose": "path-labs-service-catalog"
            },
            "tags_all": {
              "Purpose": "path-labs-service-catalog"
            },
            "timeouts": null,
            "type": "CLOUD_FORMATION_TEMPLATE"
          },
          "sensitive_attributes": [],
          "identity_schema_version": 0,
          "private": "eyJlMmJmYjczMC1lY2FhLTExZTYtOGY4OC0zNDM2M2JjN2M0YzAiOnsiY3JlYXRlIjozMDAwMDAwMDAwMDAsImRlbGV0ZSI6MzAwMDAwMDAwMDAwLCJyZWFkIjo2MDAwMDAwMDAwMDAsInVwZGF0ZSI6MzAwMDAwMDAwMDAwfX0=",
          "dependencies": [
            "module.service_catalog.aws_s3_bucket.templates",
            "module.service_catalog.aws_s3_object.product_template",
            "module.service_catalog.data.aws_caller_identity.current"
          ]
        },
        {
          "index_key": "standard-sfn-state-machine",
          "schema_version": 0,
          "attributes": {
            "accept_language": "en",
            "arn": "arn:aws:catalog:us-east-1:743165042770:product/prod-ofgey5q7rhvri",
            "created_time": "2026-08-08T17:03:33Z",
            "description": "Step Functions state machine skeleton with a dedicated logs-only execution role",
            "distributor": "",
            "has_default_path": false,
            "id": "prod-ofgey5q7rhvri",
            "name": "standard-sfn-state-machine",
            "owner": "Path Labs Platform Team",
            "provisioning_artifact_parameters": [
              {
                "description": "",
                "disable_template_validation": false,
                "name": "v1",
                "template_physical_id": "",
                "template_url": "https://path-labs-service-catalog-templates-743165042770.s3.us-east-1.amazonaws.com/products/standard-sfn-state-machine.yaml",
                "type": "CLOUD_FORMATION_TEMPLATE"
              }
            ],
            "region": "us-east-1",
            "status": "CREATED",
            "support_description": "",
            "support_email": "",
            "support_url": "",
            "tags": {
              "Purpose": "path-labs-service-catalog"
            },
            "tags_all": {
              "Purpose": "path-labs-service-catalog"
            },
            "timeouts": null,
            "type": "CLOUD_FORMATION_TEMPLATE"
          },
          "sensitive_attributes": [],
          "identity_schema_version": 0,
          "private": "eyJlMmJmYjczMC1lY2FhLTExZTYtOGY4OC0zNDM2M2JjN2M0YzAiOnsiY3JlYXRlIjozMDAwMDAwMDAwMDAsImRlbGV0ZSI6MzAwMDAwMDAwMDAwLCJyZWFkIjo2MDAwMDAwMDAwMDAsInVwZGF0ZSI6MzAwMDAwMDAwMDAwfX0=",
          "dependencies": [
            "module.service_catalog.aws_s3_bucket.templates",
            "module.service_catalog.aws_s3_object.product_template",
            "module.service_catalog.data.aws_caller_identity.current"
          ]
        },
        {
          "index_key": "standard-sns-topic",
          "schema_version": 0,
          "attributes": {
            "accept_language": "en",
            "arn": "arn:aws:catalog:us-east-1:743165042770:product/prod-76ruooyp2yrre",
            "created_time": "2026-08-08T17:03:27Z",
            "description": "KMS-encrypted SNS topic for application notifications/alerts",
            "distributor": "",
            "has_default_path": false,
            "id": "prod-76ruooyp2yrre",
            "name": "standard-sns-topic",
            "owner": "Path Labs Platform Team",
            "provisioning_artifact_parameters": [
              {
                "description": "",
                "disable_template_validation": false,
                "name": "v1",
                "template_physical_id": "",
                "template_url": "https://path-labs-service-catalog-templates-743165042770.s3.us-east-1.amazonaws.com/products/standard-sns-topic.yaml",
                "type": "CLOUD_FORMATION_TEMPLATE"
              }
            ],
            "region": "us-east-1",
            "status": "CREATED",
            "support_description": "",
            "support_email": "",
            "support_url": "",
            "tags": {
              "Purpose": "path-labs-service-catalog"
            },
            "tags_all": {
              "Purpose": "path-labs-service-catalog"
            },
            "timeouts": null,
            "type": "CLOUD_FORMATION_TEMPLATE"
          },
          "sensitive_attributes": [],
          "identity_schema_version": 0,
          "private": "eyJlMmJmYjczMC1lY2FhLTExZTYtOGY4OC0zNDM2M2JjN2M0YzAiOnsiY3JlYXRlIjozMDAwMDAwMDAwMDAsImRlbGV0ZSI6MzAwMDAwMDAwMDAwLCJyZWFkIjo2MDAwMDAwMDAwMDAsInVwZGF0ZSI6MzAwMDAwMDAwMDAwfX0=",
          "dependencies": [
            "module.service_catalog.aws_s3_bucket.templates",
            "module.service_catalog.aws_s3_object.product_template",
            "module.service_catalog.data.aws_caller_identity.current"
          ]
        },
        {
          "index_key": "standard-sqs-queue",
          "schema_version": 0,
          "attributes": {
            "accept_language": "en",
            "arn": "arn:aws:catalog:us-east-1:743165042770:product/prod-fe2otdvep6w2c",
            "created_time": "2026-08-08T17:03:39Z",
            "description": "SSE-encrypted SQS queue with a companion dead-letter queue",
            "distributor": "",
            "has_default_path": false,
            "id": "prod-fe2otdvep6w2c",
            "name": "standard-sqs-queue",
            "owner": "Path Labs Platform Team",
            "provisioning_artifact_parameters": [
              {
                "description": "",
                "disable_template_validation": false,
                "name": "v1",
                "template_physical_id": "",
                "template_url": "https://path-labs-service-catalog-templates-743165042770.s3.us-east-1.amazonaws.com/products/standard-sqs-queue.yaml",
                "type": "CLOUD_FORMATION_TEMPLATE"
              }
            ],
            "region": "us-east-1",
            "status": "CREATED",
            "support_description": "",
            "support_email": "",
            "support_url": "",
            "tags": {
              "Purpose": "path-labs-service-catalog"
            },
            "tags_all": {
              "Purpose": "path-labs-service-catalog"
            },
            "timeouts": null,
            "type": "CLOUD_FORMATION_TEMPLATE"
          },
          "sensitive_attributes": [],
          "identity_schema_version": 0,
          "private": "eyJlMmJmYjczMC1lY2FhLTExZTYtOGY4OC0zNDM2M2JjN2M0YzAiOnsiY3JlYXRlIjozMDAwMDAwMDAwMDAsImRlbGV0ZSI6MzAwMDAwMDAwMDAwLCJyZWFkIjo2MDAwMDAwMDAwMDAsInVwZGF0ZSI6MzAwMDAwMDAwMDAwfX0=",
          "dependencies": [
            "module.service_catalog.aws_s3_bucket.templates",
            "module.service_catalog.aws_s3_object.product_template",
            "module.service_catalog.data.aws_caller_identity.current"
          ]
        },
        {
          "index_key": "standard-ssm-parameter",
          "schema_version": 0,
          "attributes": {
            "accept_language": "en",
            "arn": "arn:aws:catalog:us-east-1:743165042770:product/prod-eqxoqioyplefa",
            "created_time": "2026-08-08T17:03:34Z",
            "description": "Systems Manager Parameter Store parameter (String/StringList/SecureString)",
            "distributor": "",
            "has_default_path": false,
            "id": "prod-eqxoqioyplefa",
            "name": "standard-ssm-parameter",
            "owner": "Path Labs Platform Team",
            "provisioning_artifact_parameters": [
              {
                "description": "",
                "disable_template_validation": false,
                "name": "v1",
                "template_physical_id": "",
                "template_url": "https://path-labs-service-catalog-templates-743165042770.s3.us-east-1.amazonaws.com/products/standard-ssm-parameter.yaml",
                "type": "CLOUD_FORMATION_TEMPLATE"
              }
            ],
            "region": "us-east-1",
            "status": "CREATED",
            "support_description": "",
            "support_email": "",
            "support_url": "",
            "tags": {
              "Purpose": "path-labs-service-catalog"
            },
            "tags_all": {
              "Purpose": "path-labs-service-catalog"
            },
            "timeouts": null,
            "type": "CLOUD_FORMATION_TEMPLATE"
          },
          "sensitive_attributes": [],
          "identity_schema_version": 0,
          "private": "eyJlMmJmYjczMC1lY2FhLTExZTYtOGY4OC0zNDM2M2JjN2M0YzAiOnsiY3JlYXRlIjozMDAwMDAwMDAwMDAsImRlbGV0ZSI6MzAwMDAwMDAwMDAwLCJyZWFkIjo2MDAwMDAwMDAwMDAsInVwZGF0ZSI6MzAwMDAwMDAwMDAwfX0=",
          "dependencies": [
            "module.service_catalog.aws_s3_bucket.templates",
            "module.service_catalog.aws_s3_object.product_template",
            "module.service_catalog.data.aws_caller_identity.current"
          ]
        },
        {
          "index_key": "standard-vpc",
          "schema_version": 0,
          "attributes": {
            "accept_language": "en",
            "arn": "arn:aws:catalog:us-east-1:743165042770:product/prod-2kepjs3737lhq",
            "created_time": "2026-08-08T17:03:27Z",
            "description": "Minimal single-AZ VPC with one public and one private subnet (no NAT by default)",
            "distributor": "",
            "has_default_path": false,
            "id": "prod-2kepjs3737lhq",
            "name": "standard-vpc",
            "owner": "Path Labs Platform Team",
            "provisioning_artifact_parameters": [
              {
                "description": "",
                "disable_template_validation": false,
                "name": "v1",
                "template_physical_id": "",
                "template_url": "https://path-labs-service-catalog-templates-743165042770.s3.us-east-1.amazonaws.com/products/standard-vpc.yaml",
                "type": "CLOUD_FORMATION_TEMPLATE"
              }
            ],
            "region": "us-east-1",
            "status": "CREATED",
            "support_description": "",
            "support_email": "",
            "support_url": "",
            "tags": {
              "Purpose": "path-labs-service-catalog"
            },
            "tags_all": {
              "Purpose": "path-labs-service-catalog"
            },
            "timeouts": null,
            "type": "CLOUD_FORMATION_TEMPLATE"
          },
          "sensitive_attributes": [],
          "identity_schema_version": 0,
          "private": "eyJlMmJmYjczMC1lY2FhLTExZTYtOGY4OC0zNDM2M2JjN2M0YzAiOnsiY3JlYXRlIjozMDAwMDAwMDAwMDAsImRlbGV0ZSI6MzAwMDAwMDAwMDAwLCJyZWFkIjo2MDAwMDAwMDAwMDAsInVwZGF0ZSI6MzAwMDAwMDAwMDAwfX0=",
          "dependencies": [
            "module.service_catalog.aws_s3_bucket.templates",
            "module.service_catalog.aws_s3_object.product_template",
            "module.service_catalog.data.aws_caller_identity.current"
          ]
        }
      ]
    },
    {
      "module": "module.service_catalog",
      "mode": "managed",
      "type": "aws_servicecatalog_product_portfolio_association",
      "name": "this",
      "provider": "provider[\"registry.terraform.io/hashicorp/aws\"]",
      "instances": [
        {
          "index_key": "standard-acm-certificate",
          "schema_version": 0,
          "attributes": {
            "accept_language": "en",
            "id": "en:port-lxqf7crikfwqu:prod-7vvrgzcwliece",
            "portfolio_id": "port-lxqf7crikfwqu",
            "product_id": "prod-7vvrgzcwliece",
            "region": "us-east-1",
            "source_portfolio_id": "",
            "timeouts": null
          },
          "sensitive_attributes": [],
          "identity_schema_version": 0,
          "private": "eyJlMmJmYjczMC1lY2FhLTExZTYtOGY4OC0zNDM2M2JjN2M0YzAiOnsiY3JlYXRlIjoxODAwMDAwMDAwMDAsImRlbGV0ZSI6MTgwMDAwMDAwMDAwLCJyZWFkIjo2MDAwMDAwMDAwMDB9fQ==",
          "dependencies": [
            "module.service_catalog.aws_s3_bucket.templates",
            "module.service_catalog.aws_s3_object.product_template",
            "module.service_catalog.aws_servicecatalog_portfolio.this",
            "module.service_catalog.aws_servicecatalog_product.this",
            "module.service_catalog.data.aws_caller_identity.current"
          ]
        },
        {
          "index_key": "standard-cloudfront-distribution",
          "schema_version": 0,
          "attributes": {
            "accept_language": "en",
            "id": "en:port-lxqf7crikfwqu:prod-4im3hjsftwyxo",
            "portfolio_id": "port-lxqf7crikfwqu",
            "product_id": "prod-4im3hjsftwyxo",
            "region": "us-east-1",
            "source_portfolio_id": "",
            "timeouts": null
          },
          "sensitive_attributes": [],
          "identity_schema_version": 0,
          "private": "eyJlMmJmYjczMC1lY2FhLTExZTYtOGY4OC0zNDM2M2JjN2M0YzAiOnsiY3JlYXRlIjoxODAwMDAwMDAwMDAsImRlbGV0ZSI6MTgwMDAwMDAwMDAwLCJyZWFkIjo2MDAwMDAwMDAwMDB9fQ==",
          "dependencies": [
            "module.service_catalog.aws_s3_bucket.templates",
            "module.service_catalog.aws_s3_object.product_template",
            "module.service_catalog.aws_servicecatalog_portfolio.this",
            "module.service_catalog.aws_servicecatalog_product.this",
            "module.service_catalog.data.aws_caller_identity.current"
          ]
        },
        {
          "index_key": "standard-cloudwatch-alarm",
          "schema_version": 0,
          "attributes": {
            "accept_language": "en",
            "id": "en:port-lxqf7crikfwqu:prod-6h6vu2nry4aau",
            "portfolio_id": "port-lxqf7crikfwqu",
            "product_id": "prod-6h6vu2nry4aau",
            "region": "us-east-1",
            "source_portfolio_id": "",
            "timeouts": null
          },
          "sensitive_attributes": [],
          "identity_schema_version": 0,
          "private": "eyJlMmJmYjczMC1lY2FhLTExZTYtOGY4OC0zNDM2M2JjN2M0YzAiOnsiY3JlYXRlIjoxODAwMDAwMDAwMDAsImRlbGV0ZSI6MTgwMDAwMDAwMDAwLCJyZWFkIjo2MDAwMDAwMDAwMDB9fQ==",
          "dependencies": [
            "module.service_catalog.aws_s3_bucket.templates",
            "module.service_catalog.aws_s3_object.product_template",
            "module.service_catalog.aws_servicecatalog_portfolio.this",
            "module.service_catalog.aws_servicecatalog_product.this",
            "module.service_catalog.data.aws_caller_identity.current"
          ]
        },
        {
          "index_key": "standard-cloudwatch-dashboard",
          "schema_version": 0,
          "attributes": {
            "accept_language": "en",
            "id": "en:port-lxqf7crikfwqu:prod-iyiry3ua2jtso",
            "portfolio_id": "port-lxqf7crikfwqu",
            "product_id": "prod-iyiry3ua2jtso",
            "region": "us-east-1",
            "source_portfolio_id": "",
            "timeouts": null
          },
          "sensitive_attributes": [],
          "identity_schema_version": 0,
          "private": "eyJlMmJmYjczMC1lY2FhLTExZTYtOGY4OC0zNDM2M2JjN2M0YzAiOnsiY3JlYXRlIjoxODAwMDAwMDAwMDAsImRlbGV0ZSI6MTgwMDAwMDAwMDAwLCJyZWFkIjo2MDAwMDAwMDAwMDB9fQ==",
          "dependencies": [
            "module.service_catalog.aws_s3_bucket.templates",
            "module.service_catalog.aws_s3_object.product_template",
            "module.service_catalog.aws_servicecatalog_portfolio.this",
            "module.service_catalog.aws_servicecatalog_product.this",
            "module.service_catalog.data.aws_caller_identity.current"
          ]
        },
        {
          "index_key": "standard-dynamodb-table",
          "schema_version": 0,
          "attributes": {
            "accept_language": "en",
            "id": "en:port-lxqf7crikfwqu:prod-fpcxiu2rjj4ns",
            "portfolio_id": "port-lxqf7crikfwqu",
            "product_id": "prod-fpcxiu2rjj4ns",
            "region": "us-east-1",
            "source_portfolio_id": "",
            "timeouts": null
          },
          "sensitive_attributes": [],
          "identity_schema_version": 0,
          "private": "eyJlMmJmYjczMC1lY2FhLTExZTYtOGY4OC0zNDM2M2JjN2M0YzAiOnsiY3JlYXRlIjoxODAwMDAwMDAwMDAsImRlbGV0ZSI6MTgwMDAwMDAwMDAwLCJyZWFkIjo2MDAwMDAwMDAwMDB9fQ==",
          "dependencies": [
            "module.service_catalog.aws_s3_bucket.templates",
            "module.service_catalog.aws_s3_object.product_template",
            "module.service_catalog.aws_servicecatalog_portfolio.this",
            "module.service_catalog.aws_servicecatalog_product.this",
            "module.service_catalog.data.aws_caller_identity.current"
          ]
        },
        {
          "index_key": "standard-ecr-repository",
          "schema_version": 0,
          "attributes": {
            "accept_language": "en",
            "id": "en:port-lxqf7crikfwqu:prod-rlmcnxacyivqu",
            "portfolio_id": "port-lxqf7crikfwqu",
            "product_id": "prod-rlmcnxacyivqu",
            "region": "us-east-1",
            "source_portfolio_id": "",
            "timeouts": null
          },
          "sensitive_attributes": [],
          "identity_schema_version": 0,
          "private": "eyJlMmJmYjczMC1lY2FhLTExZTYtOGY4OC0zNDM2M2JjN2M0YzAiOnsiY3JlYXRlIjoxODAwMDAwMDAwMDAsImRlbGV0ZSI6MTgwMDAwMDAwMDAwLCJyZWFkIjo2MDAwMDAwMDAwMDB9fQ==",
          "dependencies": [
            "module.service_catalog.aws_s3_bucket.templates",
            "module.service_catalog.aws_s3_object.product_template",
            "module.service_catalog.aws_servicecatalog_portfolio.this",
            "module.service_catalog.aws_servicecatalog_product.this",
            "module.service_catalog.data.aws_caller_identity.current"
          ]
        },
        {
          "index_key": "standard-ecs-cluster",
          "schema_version": 0,
          "attributes": {
            "accept_language": "en",
            "id": "en:port-lxqf7crikfwqu:prod-6blfqvbvlkuzq",
            "portfolio_id": "port-lxqf7crikfwqu",
            "product_id": "prod-6blfqvbvlkuzq",
            "region": "us-east-1",
            "source_portfolio_id": "",
            "timeouts": null
          },
          "sensitive_attributes": [],
          "identity_schema_version": 0,
          "private": "eyJlMmJmYjczMC1lY2FhLTExZTYtOGY4OC0zNDM2M2JjN2M0YzAiOnsiY3JlYXRlIjoxODAwMDAwMDAwMDAsImRlbGV0ZSI6MTgwMDAwMDAwMDAwLCJyZWFkIjo2MDAwMDAwMDAwMDB9fQ==",
          "dependencies": [
            "module.service_catalog.aws_s3_bucket.templates",
            "module.service_catalog.aws_s3_object.product_template",
            "module.service_catalog.aws_servicecatalog_portfolio.this",
            "module.service_catalog.aws_servicecatalog_product.this",
            "module.service_catalog.data.aws_caller_identity.current"
          ]
        },
        {
          "index_key": "standard-eventbridge-schedule",
          "schema_version": 0,
          "attributes": {
            "accept_language": "en",
            "id": "en:port-lxqf7crikfwqu:prod-ckbutg3tob7fo",
            "portfolio_id": "port-lxqf7crikfwqu",
            "product_id": "prod-ckbutg3tob7fo",
            "region": "us-east-1",
            "source_portfolio_id": "",
            "timeouts": null
          },
          "sensitive_attributes": [],
          "identity_schema_version": 0,
          "private": "eyJlMmJmYjczMC1lY2FhLTExZTYtOGY4OC0zNDM2M2JjN2M0YzAiOnsiY3JlYXRlIjoxODAwMDAwMDAwMDAsImRlbGV0ZSI6MTgwMDAwMDAwMDAwLCJyZWFkIjo2MDAwMDAwMDAwMDB9fQ==",
          "dependencies": [
            "module.service_catalog.aws_s3_bucket.templates",
            "module.service_catalog.aws_s3_object.product_template",
            "module.service_catalog.aws_servicecatalog_portfolio.this",
            "module.service_catalog.aws_servicecatalog_product.this",
            "module.service_catalog.data.aws_caller_identity.current"
          ]
        },
        {
          "index_key": "standard-iam-readonly-role",
          "schema_version": 0,
          "attributes": {
            "accept_language": "en",
            "id": "en:port-lxqf7crikfwqu:prod-gxvstohrqrfws",
            "portfolio_id": "port-lxqf7crikfwqu",
            "product_id": "prod-gxvstohrqrfws",
            "region": "us-east-1",
            "source_portfolio_id": "",
            "timeouts": null
          },
          "sensitive_attributes": [],
          "identity_schema_version": 0,
          "private": "eyJlMmJmYjczMC1lY2FhLTExZTYtOGY4OC0zNDM2M2JjN2M0YzAiOnsiY3JlYXRlIjoxODAwMDAwMDAwMDAsImRlbGV0ZSI6MTgwMDAwMDAwMDAwLCJyZWFkIjo2MDAwMDAwMDAwMDB9fQ==",
          "dependencies": [
            "module.service_catalog.aws_s3_bucket.templates",
            "module.service_catalog.aws_s3_object.product_template",
            "module.service_catalog.aws_servicecatalog_portfolio.this",
            "module.service_catalog.aws_servicecatalog_product.this",
            "module.service_catalog.data.aws_caller_identity.current"
          ]
        },
        {
          "index_key": "standard-kms-key",
          "schema_version": 0,
          "attributes": {
            "accept_language": "en",
            "id": "en:port-lxqf7crikfwqu:prod-fvyum5ntxfubi",
            "portfolio_id": "port-lxqf7crikfwqu",
            "product_id": "prod-fvyum5ntxfubi",
            "region": "us-east-1",
            "source_portfolio_id": "",
            "timeouts": null
          },
          "sensitive_attributes": [],
          "identity_schema_version": 0,
          "private": "eyJlMmJmYjczMC1lY2FhLTExZTYtOGY4OC0zNDM2M2JjN2M0YzAiOnsiY3JlYXRlIjoxODAwMDAwMDAwMDAsImRlbGV0ZSI6MTgwMDAwMDAwMDAwLCJyZWFkIjo2MDAwMDAwMDAwMDB9fQ==",
          "dependencies": [
            "module.service_catalog.aws_s3_bucket.templates",
            "module.service_catalog.aws_s3_object.product_template",
            "module.service_catalog.aws_servicecatalog_portfolio.this",
            "module.service_catalog.aws_servicecatalog_product.this",
            "module.service_catalog.data.aws_caller_identity.current"
          ]
        },
        {
          "index_key": "standard-lambda-function",
          "schema_version": 0,
          "attributes": {
            "accept_language": "en",
            "id": "en:port-lxqf7crikfwqu:prod-x4myo6d7vd3e6",
            "portfolio_id": "port-lxqf7crikfwqu",
            "product_id": "prod-x4myo6d7vd3e6",
            "region": "us-east-1",
            "source_portfolio_id": "",
            "timeouts": null
          },
          "sensitive_attributes": [],
          "identity_schema_version": 0,
          "private": "eyJlMmJmYjczMC1lY2FhLTExZTYtOGY4OC0zNDM2M2JjN2M0YzAiOnsiY3JlYXRlIjoxODAwMDAwMDAwMDAsImRlbGV0ZSI6MTgwMDAwMDAwMDAwLCJyZWFkIjo2MDAwMDAwMDAwMDB9fQ==",
          "dependencies": [
            "module.service_catalog.aws_s3_bucket.templates",
            "module.service_catalog.aws_s3_object.product_template",
            "module.service_catalog.aws_servicecatalog_portfolio.this",
            "module.service_catalog.aws_servicecatalog_product.this",
            "module.service_catalog.data.aws_caller_identity.current"
          ]
        },
        {
          "index_key": "standard-log-group",
          "schema_version": 0,
          "attributes": {
            "accept_language": "en",
            "id": "en:port-lxqf7crikfwqu:prod-kd3uqo33ak65c",
            "portfolio_id": "port-lxqf7crikfwqu",
            "product_id": "prod-kd3uqo33ak65c",
            "region": "us-east-1",
            "source_portfolio_id": "",
            "timeouts": null
          },
          "sensitive_attributes": [],
          "identity_schema_version": 0,
          "private": "eyJlMmJmYjczMC1lY2FhLTExZTYtOGY4OC0zNDM2M2JjN2M0YzAiOnsiY3JlYXRlIjoxODAwMDAwMDAwMDAsImRlbGV0ZSI6MTgwMDAwMDAwMDAwLCJyZWFkIjo2MDAwMDAwMDAwMDB9fQ==",
          "dependencies": [
            "module.service_catalog.aws_s3_bucket.templates",
            "module.service_catalog.aws_s3_object.product_template",
            "module.service_catalog.aws_servicecatalog_portfolio.this",
            "module.service_catalog.aws_servicecatalog_product.this",
            "module.service_catalog.data.aws_caller_identity.current"
          ]
        },
        {
          "index_key": "standard-rds-instance",
          "schema_version": 0,
          "attributes": {
            "accept_language": "en",
            "id": "en:port-lxqf7crikfwqu:prod-oiobqt253ppa6",
            "portfolio_id": "port-lxqf7crikfwqu",
            "product_id": "prod-oiobqt253ppa6",
            "region": "us-east-1",
            "source_portfolio_id": "",
            "timeouts": null
          },
          "sensitive_attributes": [],
          "identity_schema_version": 0,
          "private": "eyJlMmJmYjczMC1lY2FhLTExZTYtOGY4OC0zNDM2M2JjN2M0YzAiOnsiY3JlYXRlIjoxODAwMDAwMDAwMDAsImRlbGV0ZSI6MTgwMDAwMDAwMDAwLCJyZWFkIjo2MDAwMDAwMDAwMDB9fQ==",
          "dependencies": [
            "module.service_catalog.aws_s3_bucket.templates",
            "module.service_catalog.aws_s3_object.product_template",
            "module.service_catalog.aws_servicecatalog_portfolio.this",
            "module.service_catalog.aws_servicecatalog_product.this",
            "module.service_catalog.data.aws_caller_identity.current"
          ]
        },
        {
          "index_key": "standard-route53-record",
          "schema_version": 0,
          "attributes": {
            "accept_language": "en",
            "id": "en:port-lxqf7crikfwqu:prod-smjcvomys3xug",
            "portfolio_id": "port-lxqf7crikfwqu",
            "product_id": "prod-smjcvomys3xug",
            "region": "us-east-1",
            "source_portfolio_id": "",
            "timeouts": null
          },
          "sensitive_attributes": [],
          "identity_schema_version": 0,
          "private": "eyJlMmJmYjczMC1lY2FhLTExZTYtOGY4OC0zNDM2M2JjN2M0YzAiOnsiY3JlYXRlIjoxODAwMDAwMDAwMDAsImRlbGV0ZSI6MTgwMDAwMDAwMDAwLCJyZWFkIjo2MDAwMDAwMDAwMDB9fQ==",
          "dependencies": [
            "module.service_catalog.aws_s3_bucket.templates",
            "module.service_catalog.aws_s3_object.product_template",
            "module.service_catalog.aws_servicecatalog_portfolio.this",
            "module.service_catalog.aws_servicecatalog_product.this",
            "module.service_catalog.data.aws_caller_identity.current"
          ]
        },
        {
          "index_key": "standard-s3-bucket",
          "schema_version": 0,
          "attributes": {
            "accept_language": "en",
            "id": "en:port-lxqf7crikfwqu:prod-qshhwjovv366s",
            "portfolio_id": "port-lxqf7crikfwqu",
            "product_id": "prod-qshhwjovv366s",
            "region": "us-east-1",
            "source_portfolio_id": "",
            "timeouts": null
          },
          "sensitive_attributes": [],
          "identity_schema_version": 0,
          "private": "eyJlMmJmYjczMC1lY2FhLTExZTYtOGY4OC0zNDM2M2JjN2M0YzAiOnsiY3JlYXRlIjoxODAwMDAwMDAwMDAsImRlbGV0ZSI6MTgwMDAwMDAwMDAwLCJyZWFkIjo2MDAwMDAwMDAwMDB9fQ==",
          "dependencies": [
            "module.service_catalog.aws_s3_bucket.templates",
            "module.service_catalog.aws_s3_object.product_template",
            "module.service_catalog.aws_servicecatalog_portfolio.this",
            "module.service_catalog.aws_servicecatalog_product.this",
            "module.service_catalog.data.aws_caller_identity.current"
          ]
        },
        {
          "index_key": "standard-secrets-manager-secret",
          "schema_version": 0,
          "attributes": {
            "accept_language": "en",
            "id": "en:port-lxqf7crikfwqu:prod-ve3qsqfnin4i4",
            "portfolio_id": "port-lxqf7crikfwqu",
            "product_id": "prod-ve3qsqfnin4i4",
            "region": "us-east-1",
            "source_portfolio_id": "",
            "timeouts": null
          },
          "sensitive_attributes": [],
          "identity_schema_version": 0,
          "private": "eyJlMmJmYjczMC1lY2FhLTExZTYtOGY4OC0zNDM2M2JjN2M0YzAiOnsiY3JlYXRlIjoxODAwMDAwMDAwMDAsImRlbGV0ZSI6MTgwMDAwMDAwMDAwLCJyZWFkIjo2MDAwMDAwMDAwMDB9fQ==",
          "dependencies": [
            "module.service_catalog.aws_s3_bucket.templates",
            "module.service_catalog.aws_s3_object.product_template",
            "module.service_catalog.aws_servicecatalog_portfolio.this",
            "module.service_catalog.aws_servicecatalog_product.this",
            "module.service_catalog.data.aws_caller_identity.current"
          ]
        },
        {
          "index_key": "standard-sfn-state-machine",
          "schema_version": 0,
          "attributes": {
            "accept_language": "en",
            "id": "en:port-lxqf7crikfwqu:prod-ofgey5q7rhvri",
            "portfolio_id": "port-lxqf7crikfwqu",
            "product_id": "prod-ofgey5q7rhvri",
            "region": "us-east-1",
            "source_portfolio_id": "",
            "timeouts": null
          },
          "sensitive_attributes": [],
          "identity_schema_version": 0,
          "private": "eyJlMmJmYjczMC1lY2FhLTExZTYtOGY4OC0zNDM2M2JjN2M0YzAiOnsiY3JlYXRlIjoxODAwMDAwMDAwMDAsImRlbGV0ZSI6MTgwMDAwMDAwMDAwLCJyZWFkIjo2MDAwMDAwMDAwMDB9fQ==",
          "dependencies": [
            "module.service_catalog.aws_s3_bucket.templates",
            "module.service_catalog.aws_s3_object.product_template",
            "module.service_catalog.aws_servicecatalog_portfolio.this",
            "module.service_catalog.aws_servicecatalog_product.this",
            "module.service_catalog.data.aws_caller_identity.current"
          ]
        },
        {
          "index_key": "standard-sns-topic",
          "schema_version": 0,
          "attributes": {
            "accept_language": "en",
            "id": "en:port-lxqf7crikfwqu:prod-76ruooyp2yrre",
            "portfolio_id": "port-lxqf7crikfwqu",
            "product_id": "prod-76ruooyp2yrre",
            "region": "us-east-1",
            "source_portfolio_id": "",
            "timeouts": null
          },
          "sensitive_attributes": [],
          "identity_schema_version": 0,
          "private": "eyJlMmJmYjczMC1lY2FhLTExZTYtOGY4OC0zNDM2M2JjN2M0YzAiOnsiY3JlYXRlIjoxODAwMDAwMDAwMDAsImRlbGV0ZSI6MTgwMDAwMDAwMDAwLCJyZWFkIjo2MDAwMDAwMDAwMDB9fQ==",
          "dependencies": [
            "module.service_catalog.aws_s3_bucket.templates",
            "module.service_catalog.aws_s3_object.product_template",
            "module.service_catalog.aws_servicecatalog_portfolio.this",
            "module.service_catalog.aws_servicecatalog_product.this",
            "module.service_catalog.data.aws_caller_identity.current"
          ]
        },
        {
          "index_key": "standard-sqs-queue",
          "schema_version": 0,
          "attributes": {
            "accept_language": "en",
            "id": "en:port-lxqf7crikfwqu:prod-fe2otdvep6w2c",
            "portfolio_id": "port-lxqf7crikfwqu",
            "product_id": "prod-fe2otdvep6w2c",
            "region": "us-east-1",
            "source_portfolio_id": "",
            "timeouts": null
          },
          "sensitive_attributes": [],
          "identity_schema_version": 0,
          "private": "eyJlMmJmYjczMC1lY2FhLTExZTYtOGY4OC0zNDM2M2JjN2M0YzAiOnsiY3JlYXRlIjoxODAwMDAwMDAwMDAsImRlbGV0ZSI6MTgwMDAwMDAwMDAwLCJyZWFkIjo2MDAwMDAwMDAwMDB9fQ==",
          "dependencies": [
            "module.service_catalog.aws_s3_bucket.templates",
            "module.service_catalog.aws_s3_object.product_template",
            "module.service_catalog.aws_servicecatalog_portfolio.this",
            "module.service_catalog.aws_servicecatalog_product.this",
            "module.service_catalog.data.aws_caller_identity.current"
          ]
        },
        {
          "index_key": "standard-ssm-parameter",
          "schema_version": 0,
          "attributes": {
            "accept_language": "en",
            "id": "en:port-lxqf7crikfwqu:prod-eqxoqioyplefa",
            "portfolio_id": "port-lxqf7crikfwqu",
            "product_id": "prod-eqxoqioyplefa",
            "region": "us-east-1",
            "source_portfolio_id": "",
            "timeouts": null
          },
          "sensitive_attributes": [],
          "identity_schema_version": 0,
          "private": "eyJlMmJmYjczMC1lY2FhLTExZTYtOGY4OC0zNDM2M2JjN2M0YzAiOnsiY3JlYXRlIjoxODAwMDAwMDAwMDAsImRlbGV0ZSI6MTgwMDAwMDAwMDAwLCJyZWFkIjo2MDAwMDAwMDAwMDB9fQ==",
          "dependencies": [
            "module.service_catalog.aws_s3_bucket.templates",
            "module.service_catalog.aws_s3_object.product_template",
            "module.service_catalog.aws_servicecatalog_portfolio.this",
            "module.service_catalog.aws_servicecatalog_product.this",
            "module.service_catalog.data.aws_caller_identity.current"
          ]
        },
        {
          "index_key": "standard-vpc",
          "schema_version": 0,
          "attributes": {
            "accept_language": "en",
            "id": "en:port-lxqf7crikfwqu:prod-2kepjs3737lhq",
            "portfolio_id": "port-lxqf7crikfwqu",
            "product_id": "prod-2kepjs3737lhq",
            "region": "us-east-1",
            "source_portfolio_id": "",
            "timeouts": null
          },
          "sensitive_attributes": [],
          "identity_schema_version": 0,
          "private": "eyJlMmJmYjczMC1lY2FhLTExZTYtOGY4OC0zNDM2M2JjN2M0YzAiOnsiY3JlYXRlIjoxODAwMDAwMDAwMDAsImRlbGV0ZSI6MTgwMDAwMDAwMDAwLCJyZWFkIjo2MDAwMDAwMDAwMDB9fQ==",
          "dependencies": [
            "module.service_catalog.aws_s3_bucket.templates",
            "module.service_catalog.aws_s3_object.product_template",
            "module.service_catalog.aws_servicecatalog_portfolio.this",
            "module.service_catalog.aws_servicecatalog_product.this",
            "module.service_catalog.data.aws_caller_identity.current"
          ]
        }
      ]
    }
  ],
  "check_results": [
    {
      "object_kind": "var",
      "config_addr": "module.service_catalog.var.admin_principal_arns",
      "status": "pass",
      "objects": [
        {
          "object_addr": "module.service_catalog.var.admin_principal_arns",
          "status": "pass"
        }
      ]
    },
    {
      "object_kind": "var",
      "config_addr": "module.service_catalog.var.products",
      "status": "pass",
      "objects": [
        {
          "object_addr": "module.service_catalog.var.products",
          "status": "pass"
        }
      ]
    }
  ]
}
